// !$*UTF8*$!
{
	archiveVersion = 1;
	classes = {
	};
	objectVersion = 46;
	objects = {
		F1D090E15DAD884975BBFB76 = {
			isa = PBXBuildFile;
			fileRef = A0104874CAF3C0EFB0B8B694;
		};
		CC12ECD6C8EDCC05D3191658 = {
			isa = PBXBuildFile;
			fileRef = 8B1FCF9B5CBD965AC2AF7E87;
		};
		492D772766A582904E3EE378 = {
			isa = PBXBuildFile;
			fileRef = DC651A5CFE927016C58A353C;
		};
		03211665CF67C9B141EF715B = {
			isa = PBXBuildFile;
			fileRef = A8E371D7D9CD76C5083AF851;
		};
		5F4F961BF3D01944BDE62E34 = {
			isa = PBXBuildFile;
			fileRef = DC3C02563A5E686664261B21;
		};
		06059B94A205A7D64ECDD7B8 = {
			isa = PBXBuildFile;
			fileRef = 825DEEE459236B6D30002DCA;
		};
		210CC530671F70513C540ABB = {
			isa = PBXBuildFile;
			fileRef = 0A3685A72A53E30736575189;
		};
		1BE6DD0D8E77AB709D65E73B = {
			isa = PBXBuildFile;
			fileRef = 840D6F4927F121DD7F924FF8;
		};
		62CFA08CDDFD9D8FFD7FA700 = {
			isa = PBXBuildFile;
			fileRef = 9139AEBE53DC5784E1F70D5D;
		};
		02028E1A9F1609C2E436605B = {
			isa = PBXBuildFile;
			fileRef = 28722479070D6C4A7D0CDDAD;
		};
		F7F0B160141166E8908260C0 = {
			isa = PBXBuildFile;
			fileRef = 82A76A12173BA1BB746188B1;
		};
		69A5ABDD732BEAD158BE2322 = {
			isa = PBXBuildFile;
			fileRef = 306AA8558859E8E352CD5B2A;
		};
		854D465C294C4D39266900A2 = {
			isa = PBXBuildFile;
			fileRef = 24CF5074859C68DD26BCD976;
		};
		DC29E1625D85A23501D7E75D = {
			isa = PBXBuildFile;
			fileRef = FB9D4994127BE986AA66526C;
		};
		549D3BD60B68B66A00905C2E = {
			isa = PBXBuildFile;
			fileRef = A905FC0B0B1304D6FA2C00C5;
		};
		94C04B3B64C13F30576ABEEA = {
			isa = PBXBuildFile;
			fileRef = 90BB8EF8EF58F088C8C420F3;
		};
		6497C0D9B3BDBB3CB027CAAB = {
			isa = PBXBuildFile;
			fileRef = 66731A1517728BE7D4D9C7BB;
		};
		C15DEDD480CA68C60AD96632 = {
			isa = PBXBuildFile;
			fileRef = A357F44565FAA812890AC11F;
		};
		598CF3021A77D924DCE9A752 = {
			isa = PBXBuildFile;
			fileRef = AF9B19FFADEFEF725EE784FF;
		};
		B4E436B0E77CE84C5E45A090 = {
			isa = PBXBuildFile;
			fileRef = 4854610CE4C5873B93E3B111;
		};
		A258D95D5FACF1E827ECEBD8 = {
			isa = PBXBuildFile;
			fileRef = 3113152959A8FD240A18EDBD;
		};
		B5828F6E2B3DDCF68254BD9C = {
			isa = PBXBuildFile;
			fileRef = 9ABDDA92563F57AE735556C2;
		};
		00C2F6D818F45776B4DCD512 = {
			isa = PBXBuildFile;
			fileRef = 896B78C21CF537297A5BBCF5;
		};
		69996F8136DA50667B660DAB = {
			isa = PBXBuildFile;
			fileRef = D0096DE4BA1339DDE69AC062;
		};
		3BA483ABBD26CF713044F2E2 = {
			isa = PBXBuildFile;
			fileRef = 23B88DD813BC2CDE3A85A567;
		};
		53B2DC37C391D388C49B4B61 = {
			isa = PBXBuildFile;
			fileRef = CF04393E56FEB9DE882FE12D;
		};
		E4FF24989A8356203FBEA2A7 = {
			isa = PBXBuildFile;
			fileRef = B5D4CD52034624210225CB4C;
		};
		350AA9534385FC4D30175A61 = {
			isa = PBXBuildFile;
			fileRef = A56C037166E20F9ECE36C233;
		};
		7C61E62E70A57A78FF9ED1DE = {
			isa = PBXBuildFile;
			fileRef = 3A1ED898302354E6E9C188FC;
		};
		A2A7DEDDCB99F8DDD19D1FDE = {
			isa = PBXBuildFile;
			fileRef = 30ADC0ED5CCA8FE12213F226;
		};
		F21A678ACE9D27E9B5904878 = {
			isa = PBXBuildFile;
			fileRef = F62925099298ABFDEEA5B781;
		};
		1516532462D3C1E9693C71AD = {
			isa = PBXBuildFile;
			fileRef = BD58B41C129720162A9A606C;
		};
		1FB7C709FC9B783AA1278208 = {
			isa = PBXBuildFile;
			fileRef = F3F18B2AC54A1C4A6B30DD59;
		};
		EEC9DFFBE5E83DF830D2F4AB = {
			isa = PBXBuildFile;
			fileRef = 5E322058AC617BEBDEB959B0;
		};
		CD9496469F0C8896EEE705C3 = {
			isa = PBXBuildFile;
			fileRef = 81CA034BFB1B203F434EDAB7;
		};
		8B6D78F3CCBF86D2394C7580 = {
			isa = PBXBuildFile;
			fileRef = 0A6EE8DBB22147C9158DB6F2;
		};
		32E3B0E668EC959A99CB78AC = {
			isa = PBXBuildFile;
			fileRef = 94D46B10D5C4A523CC0686BE;
		};
		7191A70E55F5398D31180474 = {
			isa = PBXBuildFile;
			fileRef = B5C8FE79789A975666B4CF73;
		};
		5D513ABD29154C5AC1CEE0E6 = {
			isa = PBXBuildFile;
			fileRef = 3D9E8DC302C918C49ADBC74B;
		};
		D17C56C5C0EFA9D34886AA52 = {
			isa = PBXBuildFile;
			fileRef = ECCBF6A63799FAC04647B06F;
		};
		F94EB10558647058CE59CA9F = {
			isa = PBXBuildFile;
			fileRef = 506FB352FFCCF59B7CFEFCCB;
		};
		08F881879F7060D4585DD2D1 = {
			isa = PBXFileReference;
			lastKnownFileType = sourcecode.c.h;
			name = Presets.h;
			path = ../../Source/Views/Presets.h;
			sourceTree = "SOURCE_ROOT";
		};
		0A3685A72A53E30736575189 = {
			isa = PBXFileReference;
			lastKnownFileType = sourcecode.cpp.cpp;
			name = AppConstants.cpp;
			path = ../../Source/Constants/AppConstants.cpp;
			sourceTree = "SOURCE_ROOT";
		};
		0A6EE8DBB22147C9158DB6F2 = {
			isa = PBXFileReference;
			lastKnownFileType = sourcecode.cpp.cpp;
			name = BinaryData.cpp;
			path = ../../JuceLibraryCode/BinaryData.cpp;
			sourceTree = "SOURCE_ROOT";
		};
		0DECC058B5A7B4070E24B5ED = {
			isa = PBXFileReference;
			lastKnownFileType = sourcecode.c.h;
			name = Background.h;
			path = ../../Source/Views/Background.h;
			sourceTree = "SOURCE_ROOT";
		};
		0E907988248A6ACAAF75114C = {
			isa = PBXFileReference;
			lastKnownFileType = sourcecode.c.h;
			name = GuiConstants.h;
			path = ../../Source/Constants/GuiConstants.h;
			sourceTree = "SOURCE_ROOT";
		};
		0F7DFAF118BC4F8E30C26284 = {
			isa = PBXFileReference;
			lastKnownFileType = file;
			name = "juce_events";
			path = "../../JuceLibraryCode/modules/juce_events";
			sourceTree = "SOURCE_ROOT";
		};
		17D720439E86D7B6233EB235 = {
			isa = PBXFileReference;
			lastKnownFileType = sourcecode.c.h;
			name = IrcConstants.h;
			path = ../../Source/Constants/IrcConstants.h;
			sourceTree = "SOURCE_ROOT";
		};
		23056DC9F7AA09DA94CD0C91 = {
			isa = PBXFileReference;
			lastKnownFileType = sourcecode.c.h;
			name = AvCasterStore.h;
			path = ../../Source/Models/AvCasterStore.h;
			sourceTree = "SOURCE_ROOT";
		};
		23A0995A6D63449BACBC28D3 = {
			isa = PBXFileReference;
			lastKnownFileType = image.png;
			name = "avcaster-logo-128.png";
			path = "../../Assets/avcaster-logo-128.png";
			sourceTree = "SOURCE_ROOT";
		};
		23B88DD813BC2CDE3A85A567 = {
			isa = PBXFileReference;
			lastKnownFileType = sourcecode.cpp.cpp;
			name = ConfigChat.cpp;
			path = ../../Source/Views/ConfigChat.cpp;
			sourceTree = "SOURCE_ROOT";
		};
		24CF5074859C68DD26BCD976 = {
			isa = PBXFileReference;
			lastKnownFileType = sourcecode.cpp.cpp;
			name = Gstreamer.cpp;
			path = ../../Source/Controllers/Gstreamer.cpp;
			sourceTree = "SOURCE_ROOT";
		};
		28722479070D6C4A7D0CDDAD = {
			isa = PBXFileReference;
			lastKnownFileType = sourcecode.cpp.cpp;
			name = GuiConstants.cpp;
			path = ../../Source/Constants/GuiConstants.cpp;
			sourceTree = "SOURCE_ROOT";
		};
		2A7CED165262596F6C22A08A = {
			isa = PBXFileReference;
			lastKnownFileType = sourcecode.c.h;
			name = BinaryData.h;
			path = ../../JuceLibraryCode/BinaryData.h;
			sourceTree = "SOURCE_ROOT";
		};
		2D9B6A0F65363B2BEB230F8D = {
			isa = PBXFileReference;
			lastKnownFileType = sourcecode.c.h;
			name = TraceIrcClient.h;
			path = ../../Source/Trace/TraceIrcClient.h;
			sourceTree = "SOURCE_ROOT";
		};
		306AA8558859E8E352CD5B2A = {
			isa = PBXFileReference;
			lastKnownFileType = sourcecode.cpp.cpp;
			name = AvCaster.cpp;
			path = ../../Source/Controllers/AvCaster.cpp;
			sourceTree = "SOURCE_ROOT";
		};
		30ADC0ED5CCA8FE12213F226 = {
			isa = PBXFileReference;
			lastKnownFileType = sourcecode.cpp.cpp;
			name = Controls.cpp;
			path = ../../Source/Views/Controls.cpp;
			sourceTree = "SOURCE_ROOT";
		};
		3113152959A8FD240A18EDBD = {
			isa = PBXFileReference;
			lastKnownFileType = sourcecode.cpp.cpp;
			name = ChatListItem.cpp;
			path = ../../Source/Views/ChatListItem.cpp;
			sourceTree = "SOURCE_ROOT";
		};
		3A1ED898302354E6E9C188FC = {
			isa = PBXFileReference;
			lastKnownFileType = sourcecode.cpp.cpp;
			name = ConfigText.cpp;
			path = ../../Source/Views/ConfigText.cpp;
			sourceTree = "SOURCE_ROOT";
		};
		3A909C06929DE37D9B1A427F = {
			isa = PBXFileReference;
			lastKnownFileType = sourcecode.c.h;
			name = TraceMain.h;
			path = ../../Source/Trace/TraceMain.h;
			sourceTree = "SOURCE_ROOT";
		};
		3D9E8DC302C918C49ADBC74B = {
			isa = PBXFileReference;
			lastKnownFileType = sourcecode.cpp.objcpp;
			name = "include_juce_events.mm";
			path = "../../JuceLibraryCode/include_juce_events.mm";
			sourceTree = "SOURCE_ROOT";
		};
		3F7FA16460D9ABD0E885E047 = {
			isa = PBXFileReference;
			lastKnownFileType = image.png;
			name = "config-pushed.png";
			path = "../../Assets/config-pushed.png";
			sourceTree = "SOURCE_ROOT";
		};
		41C38F44A2FDBD8EE705E451 = {
			isa = PBXFileReference;
			lastKnownFileType = sourcecode.c.h;
			name = TraceChat.h;
			path = ../../Source/Trace/TraceChat.h;
			sourceTree = "SOURCE_ROOT";
		};
		457E5C311E04C8ED29863D31 = {
			isa = PBXFileReference;
			lastKnownFileType = sourcecode.c.h;
			name = Statusbar.h;
			path = ../../Source/Views/Statusbar.h;
			sourceTree = "SOURCE_ROOT";
		};
		4854610CE4C5873B93E3B111 = {
			isa = PBXFileReference;
			lastKnownFileType = sourcecode.cpp.cpp;
			name = ChatList.cpp;
			path = ../../Source/Views/ChatList.cpp;
			sourceTree = "SOURCE_ROOT";
		};
		496B9C5000B901019C237814 = {
			isa = PBXFileReference;
			lastKnownFileType = sourcecode.c.h;
			name = ConfigAudio.h;
			path = ../../Source/Views/ConfigAudio.h;
			sourceTree = "SOURCE_ROOT";
		};
		49F6E4F436E1EDC36CEF1084 = {
			isa = PBXFileReference;
			lastKnownFileType = sourcecode.c.h;
			name = MainContent.h;
			path = ../../Source/Views/MainContent.h;
			sourceTree = "SOURCE_ROOT";
		};
		506FB352FFCCF59B7CFEFCCB = {
			isa = PBXFileReference;
			lastKnownFileType = sourcecode.cpp.objcpp;
			name = "include_juce_gui_basics.mm";
			path = "../../JuceLibraryCode/include_juce_gui_basics.mm";
			sourceTree = "SOURCE_ROOT";
		};
		5137675629CBF2A9C623D395 = {
			isa = PBXFileReference;
			lastKnownFileType = sourcecode.c.h;
			name = ConfigChat.h;
			path = ../../Source/Views/ConfigChat.h;
			sourceTree = "SOURCE_ROOT";
		};
		59DC4471672D75137C927BCE = {
			isa = PBXFileReference;
			lastKnownFileType = sourcecode.c.h;
			name = Chat.h;
			path = ../../Source/Views/Chat.h;
			sourceTree = "SOURCE_ROOT";
		};
		5E322058AC617BEBDEB959B0 = {
			isa = PBXFileReference;
			lastKnownFileType = sourcecode.cpp.cpp;
			name = Statusbar.cpp;
			path = ../../Source/Views/Statusbar.cpp;
			sourceTree = "SOURCE_ROOT";
		};
		6172B74F78C9CCE9B8F6454A = {
			isa = PBXFileReference;
			lastKnownFileType = file;
			name = "juce_data_structures";
			path = "../../JuceLibraryCode/modules/juce_data_structures";
			sourceTree = "SOURCE_ROOT";
		};
		631259F80178E540EF3C019E = {
			isa = PBXFileReference;
			lastKnownFileType = sourcecode.c.h;
			name = AvCaster.h;
			path = ../../Source/Controllers/AvCaster.h;
			sourceTree = "SOURCE_ROOT";
		};
		66731A1517728BE7D4D9C7BB = {
			isa = PBXFileReference;
			lastKnownFileType = sourcecode.cpp.cpp;
			name = Trace.cpp;
			path = ../../Source/Trace/Trace.cpp;
			sourceTree = "SOURCE_ROOT";
		};
		68D27F6C1BE99CC294DD0228 = {
			isa = PBXFileReference;
			lastKnownFileType = sourcecode.c.h;
			name = Config.h;
			path = ../../Source/Views/Config.h;
			sourceTree = "SOURCE_ROOT";
		};
		80F1FB91BE8B4748B4CB3653 = {
			isa = PBXFileReference;
			lastKnownFileType = sourcecode.c.h;
			name = ConfigText.h;
			path = ../../Source/Views/ConfigText.h;
			sourceTree = "SOURCE_ROOT";
		};
		81CA034BFB1B203F434EDAB7 = {
			isa = PBXFileReference;
			lastKnownFileType = sourcecode.cpp.cpp;
			name = Main.cpp;
			path = ../../Source/Main.cpp;
			sourceTree = "SOURCE_ROOT";
		};
		825DEEE459236B6D30002DCA = {
			isa = PBXFileReference;
			lastKnownFileType = file.nib;
			name = RecentFilesMenuTemplate.nib;
			path = RecentFilesMenuTemplate.nib;
			sourceTree = "SOURCE_ROOT";
		};
		82A76A12173BA1BB746188B1 = {
			isa = PBXFileReference;
			lastKnownFileType = sourcecode.cpp.cpp;
			name = IrcConstants.cpp;
			path = ../../Source/Constants/IrcConstants.cpp;
			sourceTree = "SOURCE_ROOT";
		};
		840D6F4927F121DD7F924FF8 = {
			isa = PBXFileReference;
			lastKnownFileType = sourcecode.cpp.cpp;
			name = ConfigConstants.cpp;
			path = ../../Source/Constants/ConfigConstants.cpp;
			sourceTree = "SOURCE_ROOT";
		};
		896B78C21CF537297A5BBCF5 = {
			isa = PBXFileReference;
			lastKnownFileType = sourcecode.cpp.cpp;
			name = ConfigAudio.cpp;
			path = ../../Source/Views/ConfigAudio.cpp;
			sourceTree = "SOURCE_ROOT";
		};
		8B1FCF9B5CBD965AC2AF7E87 = {
			isa = PBXFileReference;
			lastKnownFileType = wrapper.framework;
			name = Carbon.framework;
			path = System/Library/Frameworks/Carbon.framework;
			sourceTree = SDKROOT;
		};
		90BB8EF8EF58F088C8C420F3 = {
			isa = PBXFileReference;
			lastKnownFileType = sourcecode.cpp.cpp;
			name = Seeds.cpp;
			path = ../../Source/Models/Seeds.cpp;
			sourceTree = "SOURCE_ROOT";
		};
		90CEDEF830428103202E7CA7 = {
			isa = PBXFileReference;
			lastKnownFileType = text.plist.xml;
			name = "Info-App.plist";
			path = "Info-App.plist";
			sourceTree = "SOURCE_ROOT";
		};
		9139AEBE53DC5784E1F70D5D = {
			isa = PBXFileReference;
			lastKnownFileType = sourcecode.cpp.cpp;
			name = GstConstants.cpp;
			path = ../../Source/Constants/GstConstants.cpp;
			sourceTree = "SOURCE_ROOT";
		};
		93282BD2A581FF34756D7865 = {
			isa = PBXFileReference;
			lastKnownFileType = sourcecode.c.h;
			name = Seeds.h;
			path = ../../Source/Models/Seeds.h;
			sourceTree = "SOURCE_ROOT";
		};
		936206F364E4304D8D9C1A07 = {
			isa = PBXFileReference;
			lastKnownFileType = sourcecode.c.h;
			name = JuceHeader.h;
			path = ../../JuceLibraryCode/JuceHeader.h;
			sourceTree = "SOURCE_ROOT";
		};
		94D46B10D5C4A523CC0686BE = {
			isa = PBXFileReference;
			lastKnownFileType = sourcecode.cpp.objcpp;
			name = "include_juce_core.mm";
			path = "../../JuceLibraryCode/include_juce_core.mm";
			sourceTree = "SOURCE_ROOT";
		};
		95D57D228260FE78B80788E1 = {
			isa = PBXFileReference;
			lastKnownFileType = file;
			name = "juce_core";
			path = "../../JuceLibraryCode/modules/juce_core";
			sourceTree = "SOURCE_ROOT";
		};
		98A3872C5B54FBA732E33F87 = {
			isa = PBXFileReference;
			lastKnownFileType = sourcecode.c.h;
			name = TraceAvCasterStore.h;
			path = ../../Source/Trace/TraceAvCasterStore.h;
			sourceTree = "SOURCE_ROOT";
		};
		98AFEF7BA5628089B3C5EF04 = {
			isa = PBXFileReference;
			lastKnownFileType = sourcecode.c.h;
			name = AppConfig.h;
			path = ../../JuceLibraryCode/AppConfig.h;
			sourceTree = "SOURCE_ROOT";
		};
		9ABDDA92563F57AE735556C2 = {
			isa = PBXFileReference;
			lastKnownFileType = sourcecode.cpp.cpp;
			name = Config.cpp;
			path = ../../Source/Views/Config.cpp;
			sourceTree = "SOURCE_ROOT";
		};
		9DA4437673F3D6155D0E7B24 = {
			isa = PBXFileReference;
			lastKnownFileType = sourcecode.c.h;
			name = Trace.h;
			path = ../../Source/Trace/Trace.h;
			sourceTree = "SOURCE_ROOT";
		};
		9DCD45ECA7ED8445437448BE = {
			isa = PBXFileReference;
			lastKnownFileType = file;
			name = "juce_graphics";
			path = "../../JuceLibraryCode/modules/juce_graphics";
			sourceTree = "SOURCE_ROOT";
		};
		9F129A7973FE7B4A9766FEAF = {
			isa = PBXFileReference;
			lastKnownFileType = sourcecode.c.h;
			name = ChatList.h;
			path = ../../Source/Views/ChatList.h;
			sourceTree = "SOURCE_ROOT";
		};
		A0104874CAF3C0EFB0B8B694 = {
			isa = PBXFileReference;
			explicitFileType = wrapper.application;
			includeInIndex = 0;
			path = AvCaster.app;
			sourceTree = "BUILT_PRODUCTS_DIR";
		};
		A357F44565FAA812890AC11F = {
			isa = PBXFileReference;
			lastKnownFileType = sourcecode.cpp.cpp;
			name = Background.cpp;
			path = ../../Source/Views/Background.cpp;
			sourceTree = "SOURCE_ROOT";
		};
		A56C037166E20F9ECE36C233 = {
			isa = PBXFileReference;
			lastKnownFileType = sourcecode.cpp.cpp;
			name = ConfigScreen.cpp;
			path = ../../Source/Views/ConfigScreen.cpp;
			sourceTree = "SOURCE_ROOT";
		};
		A5946C946E7F65C25D6CF244 = {
			isa = PBXFileReference;
			lastKnownFileType = sourcecode.c.h;
			name = Constants.h;
			path = ../../Source/Constants/Constants.h;
			sourceTree = "SOURCE_ROOT";
		};
		A7CC0C5E96279A9E704F3879 = {
			isa = PBXFileReference;
			lastKnownFileType = image.png;
			name = "config-hover.png";
			path = "../../Assets/config-hover.png";
			sourceTree = "SOURCE_ROOT";
		};
		A8E371D7D9CD76C5083AF851 = {
			isa = PBXFileReference;
			lastKnownFileType = wrapper.framework;
			name = IOKit.framework;
			path = System/Library/Frameworks/IOKit.framework;
			sourceTree = SDKROOT;
		};
		A905FC0B0B1304D6FA2C00C5 = {
			isa = PBXFileReference;
			lastKnownFileType = sourcecode.cpp.cpp;
			name = AvCasterStore.cpp;
			path = ../../Source/Models/AvCasterStore.cpp;
			sourceTree = "SOURCE_ROOT";
		};
		ABDD933D9F62B5AC15EA2AE7 = {
			isa = PBXFileReference;
			lastKnownFileType = sourcecode.c.h;
			name = ConfigConstants.h;
			path = ../../Source/Constants/ConfigConstants.h;
			sourceTree = "SOURCE_ROOT";
		};
		AF9B19FFADEFEF725EE784FF = {
			isa = PBXFileReference;
			lastKnownFileType = sourcecode.cpp.cpp;
			name = Chat.cpp;
			path = ../../Source/Views/Chat.cpp;
			sourceTree = "SOURCE_ROOT";
		};
		B1A6B9651153166B764B8D6F = {
			isa = PBXFileReference;
			lastKnownFileType = sourcecode.c.h;
			name = IrcClient.h;
			path = ../../Source/Controllers/IrcClient.h;
			sourceTree = "SOURCE_ROOT";
		};
		B5C8FE79789A975666B4CF73 = {
			isa = PBXFileReference;
			lastKnownFileType = sourcecode.cpp.objcpp;
			name = "include_juce_data_structures.mm";
			path = "../../JuceLibraryCode/include_juce_data_structures.mm";
			sourceTree = "SOURCE_ROOT";
		};
		B5D4CD52034624210225CB4C = {
			isa = PBXFileReference;
			lastKnownFileType = sourcecode.cpp.cpp;
			name = ConfigOutput.cpp;
			path = ../../Source/Views/ConfigOutput.cpp;
			sourceTree = "SOURCE_ROOT";
		};
		B638ED81453BC19E5F258172 = {
			isa = PBXFileReference;
			lastKnownFileType = sourcecode.c.h;
			name = ConfigImage.h;
			path = ../../Source/Views/ConfigImage.h;
			sourceTree = "SOURCE_ROOT";
		};
		B98B5B9BEBEEE55543BDF493 = {
			isa = PBXFileReference;
			lastKnownFileType = sourcecode.c.h;
			name = Controls.h;
			path = ../../Source/Views/Controls.h;
			sourceTree = "SOURCE_ROOT";
		};
		BD58B41C129720162A9A606C = {
			isa = PBXFileReference;
			lastKnownFileType = sourcecode.cpp.cpp;
			name = Presets.cpp;
			path = ../../Source/Views/Presets.cpp;
			sourceTree = "SOURCE_ROOT";
		};
		C6C411EF7E61B1F1FDB58DCD = {
			isa = PBXFileReference;
			lastKnownFileType = sourcecode.c.h;
			name = Preview.h;
			path = ../../Source/Views/Preview.h;
			sourceTree = "SOURCE_ROOT";
		};
		C74C57B62E4C4B2EBB00D79A = {
			isa = PBXFileReference;
			lastKnownFileType = sourcecode.c.h;
			name = ChatListItem.h;
			path = ../../Source/Views/ChatListItem.h;
			sourceTree = "SOURCE_ROOT";
		};
		C7874A7529AA0B3AF0C07308 = {
			isa = PBXFileReference;
			lastKnownFileType = sourcecode.c.h;
			name = TraceAvCaster.h;
			path = ../../Source/Trace/TraceAvCaster.h;
			sourceTree = "SOURCE_ROOT";
		};
		C7DE2369194FE2CA53F3C7AB = {
			isa = PBXFileReference;
			lastKnownFileType = file;
			name = "juce_gui_basics";
			path = "../../JuceLibraryCode/modules/juce_gui_basics";
			sourceTree = "SOURCE_ROOT";
		};
		C883F4BC9824FC6643EE21EA = {
			isa = PBXFileReference;
			lastKnownFileType = sourcecode.c.h;
			name = GstConstants.h;
			path = ../../Source/Constants/GstConstants.h;
			sourceTree = "SOURCE_ROOT";
		};
		CF04393E56FEB9DE882FE12D = {
			isa = PBXFileReference;
			lastKnownFileType = sourcecode.cpp.cpp;
			name = ConfigImage.cpp;
			path = ../../Source/Views/ConfigImage.cpp;
			sourceTree = "SOURCE_ROOT";
		};
		D0096DE4BA1339DDE69AC062 = {
			isa = PBXFileReference;
			lastKnownFileType = sourcecode.cpp.cpp;
			name = ConfigCamera.cpp;
			path = ../../Source/Views/ConfigCamera.cpp;
			sourceTree = "SOURCE_ROOT";
		};
		D5153E0D7ECE7D6B1E4B8562 = {
			isa = PBXFileReference;
			lastKnownFileType = image.png;
			name = config.png;
			path = ../../Assets/config.png;
			sourceTree = "SOURCE_ROOT";
		};
		DC3C02563A5E686664261B21 = {
			isa = PBXFileReference;
			lastKnownFileType = wrapper.framework;
			name = QuartzCore.framework;
			path = System/Library/Frameworks/QuartzCore.framework;
			sourceTree = SDKROOT;
		};
		DC651A5CFE927016C58A353C = {
			isa = PBXFileReference;
			lastKnownFileType = wrapper.framework;
			name = Cocoa.framework;
			path = System/Library/Frameworks/Cocoa.framework;
			sourceTree = SDKROOT;
		};
		E0BEA67387368D2976CE7EBF = {
			isa = PBXFileReference;
			lastKnownFileType = sourcecode.c.h;
			name = TraceControls.h;
			path = ../../Source/Trace/TraceControls.h;
			sourceTree = "SOURCE_ROOT";
		};
		E56D09A4BD88C992AE64D622 = {
			isa = PBXFileReference;
			lastKnownFileType = sourcecode.c.h;
			name = ConfigOutput.h;
			path = ../../Source/Views/ConfigOutput.h;
			sourceTree = "SOURCE_ROOT";
		};
		E583601D181C01D5B38793FB = {
			isa = PBXFileReference;
			lastKnownFileType = sourcecode.c.h;
			name = ConfigCamera.h;
			path = ../../Source/Views/ConfigCamera.h;
			sourceTree = "SOURCE_ROOT";
		};
		E6370F49CCA8CFC14555ED1D = {
			isa = PBXFileReference;
			lastKnownFileType = sourcecode.c.h;
			name = AppConstants.h;
			path = ../../Source/Constants/AppConstants.h;
			sourceTree = "SOURCE_ROOT";
		};
		E6DE4EECDE923BC7E61684D5 = {
			isa = PBXFileReference;
			lastKnownFileType = image.png;
			name = "avcaster-logo-48.png";
			path = "../../Assets/avcaster-logo-48.png";
			sourceTree = "SOURCE_ROOT";
		};
		EC07E431D45D5C8664EC0B5E = {
			isa = PBXFileReference;
			lastKnownFileType = sourcecode.c.h;
			name = ConfigScreen.h;
			path = ../../Source/Views/ConfigScreen.h;
			sourceTree = "SOURCE_ROOT";
		};
		ECCBF6A63799FAC04647B06F = {
			isa = PBXFileReference;
			lastKnownFileType = sourcecode.cpp.objcpp;
			name = "include_juce_graphics.mm";
			path = "../../JuceLibraryCode/include_juce_graphics.mm";
			sourceTree = "SOURCE_ROOT";
		};
		F3F18B2AC54A1C4A6B30DD59 = {
			isa = PBXFileReference;
			lastKnownFileType = sourcecode.cpp.cpp;
			name = Preview.cpp;
			path = ../../Source/Views/Preview.cpp;
			sourceTree = "SOURCE_ROOT";
		};
		F4D49730881302512D6F9564 = {
			isa = PBXFileReference;
			lastKnownFileType = sourcecode.c.h;
			name = Gstreamer.h;
			path = ../../Source/Controllers/Gstreamer.h;
			sourceTree = "SOURCE_ROOT";
		};
		F62925099298ABFDEEA5B781 = {
			isa = PBXFileReference;
			lastKnownFileType = sourcecode.cpp.cpp;
			name = MainContent.cpp;
			path = ../../Source/Views/MainContent.cpp;
			sourceTree = "SOURCE_ROOT";
		};
		F64E293166D68BA7635F97B9 = {
			isa = PBXFileReference;
			lastKnownFileType = sourcecode.c.h;
			name = TraceGstreamer.h;
			path = ../../Source/Trace/TraceGstreamer.h;
			sourceTree = "SOURCE_ROOT";
		};
		FB9D4994127BE986AA66526C = {
			isa = PBXFileReference;
			lastKnownFileType = sourcecode.cpp.cpp;
			name = IrcClient.cpp;
			path = ../../Source/Controllers/IrcClient.cpp;
			sourceTree = "SOURCE_ROOT";
		};
		FCB3A2ABE0133C8735964D91 = {
			isa = PBXFileReference;
			lastKnownFileType = sourcecode.c.h;
			name = TraceConfig.h;
			path = ../../Source/Trace/TraceConfig.h;
			sourceTree = "SOURCE_ROOT";
		};
		FB4AF43AFBB8DA105A62D5CA = {
			isa = PBXGroup;
			children = (
				E6DE4EECDE923BC7E61684D5,
				23A0995A6D63449BACBC28D3,
				A7CC0C5E96279A9E704F3879,
				3F7FA16460D9ABD0E885E047,
				D5153E0D7ECE7D6B1E4B8562,
			);
			name = Assets;
			sourceTree = "<group>";
		};
		41C0C3D92A6080DD7FE2C958 = {
			isa = PBXGroup;
			children = (
				E6370F49CCA8CFC14555ED1D,
				ABDD933D9F62B5AC15EA2AE7,
				A5946C946E7F65C25D6CF244,
				C883F4BC9824FC6643EE21EA,
				0E907988248A6ACAAF75114C,
				17D720439E86D7B6233EB235,
			);
			name = Constants;
			sourceTree = "<group>";
		};
		9C97C66B5313C6E30BB53482 = {
			isa = PBXGroup;
			children = (
				631259F80178E540EF3C019E,
				F4D49730881302512D6F9564,
				B1A6B9651153166B764B8D6F,
			);
			name = Controllers;
			sourceTree = "<group>";
		};
		ACE2D61974B9E6BE91688F6D = {
			isa = PBXGroup;
			children = (
				23056DC9F7AA09DA94CD0C91,
				93282BD2A581FF34756D7865,
			);
			name = Models;
			sourceTree = "<group>";
		};
		55F93BCD18F7732953AD0601 = {
			isa = PBXGroup;
			children = (
				9DA4437673F3D6155D0E7B24,
				C7874A7529AA0B3AF0C07308,
				98A3872C5B54FBA732E33F87,
				41C38F44A2FDBD8EE705E451,
				FCB3A2ABE0133C8735964D91,
				E0BEA67387368D2976CE7EBF,
				F64E293166D68BA7635F97B9,
				2D9B6A0F65363B2BEB230F8D,
				3A909C06929DE37D9B1A427F,
			);
			name = Trace;
			sourceTree = "<group>";
		};
		9E64AC563383A02B47D12447 = {
			isa = PBXGroup;
			children = (
				0DECC058B5A7B4070E24B5ED,
				59DC4471672D75137C927BCE,
				9F129A7973FE7B4A9766FEAF,
				C74C57B62E4C4B2EBB00D79A,
				68D27F6C1BE99CC294DD0228,
				496B9C5000B901019C237814,
				E583601D181C01D5B38793FB,
				5137675629CBF2A9C623D395,
				B638ED81453BC19E5F258172,
				E56D09A4BD88C992AE64D622,
				EC07E431D45D5C8664EC0B5E,
				80F1FB91BE8B4748B4CB3653,
				B98B5B9BEBEEE55543BDF493,
				49F6E4F436E1EDC36CEF1084,
				08F881879F7060D4585DD2D1,
				C6C411EF7E61B1F1FDB58DCD,
				457E5C311E04C8ED29863D31,
			);
			name = Views;
			sourceTree = "<group>";
		};
		2B02B683F99EF190534EB10B = {
			isa = PBXGroup;
			children = (
				41C0C3D92A6080DD7FE2C958,
				9C97C66B5313C6E30BB53482,
				ACE2D61974B9E6BE91688F6D,
				55F93BCD18F7732953AD0601,
				9E64AC563383A02B47D12447,
			);
			name = Headers;
			sourceTree = "<group>";
		};
		9324060222BEBC1938335A14 = {
			isa = PBXGroup;
			children = (
				0A3685A72A53E30736575189,
				840D6F4927F121DD7F924FF8,
				9139AEBE53DC5784E1F70D5D,
				28722479070D6C4A7D0CDDAD,
				82A76A12173BA1BB746188B1,
			);
			name = Constants;
			sourceTree = "<group>";
		};
		6A02AC547E3CB8697D3BE28D = {
			isa = PBXGroup;
			children = (
				306AA8558859E8E352CD5B2A,
				24CF5074859C68DD26BCD976,
				FB9D4994127BE986AA66526C,
			);
			name = Controllers;
			sourceTree = "<group>";
		};
		EE6D7C4590ECD6B0BD7E5432 = {
			isa = PBXGroup;
			children = (
				A905FC0B0B1304D6FA2C00C5,
				90BB8EF8EF58F088C8C420F3,
			);
			name = Models;
			sourceTree = "<group>";
		};
		5B0CEE8493A6D9A2D71863B9 = {
			isa = PBXGroup;
			children = (
				66731A1517728BE7D4D9C7BB,
			);
			name = Trace;
			sourceTree = "<group>";
		};
		0AF67D7B2DA3B44B56B2B2E5 = {
			isa = PBXGroup;
			children = (
				A357F44565FAA812890AC11F,
				AF9B19FFADEFEF725EE784FF,
				4854610CE4C5873B93E3B111,
				3113152959A8FD240A18EDBD,
				9ABDDA92563F57AE735556C2,
				896B78C21CF537297A5BBCF5,
				D0096DE4BA1339DDE69AC062,
				23B88DD813BC2CDE3A85A567,
				CF04393E56FEB9DE882FE12D,
				B5D4CD52034624210225CB4C,
				A56C037166E20F9ECE36C233,
				3A1ED898302354E6E9C188FC,
				30ADC0ED5CCA8FE12213F226,
				F62925099298ABFDEEA5B781,
				BD58B41C129720162A9A606C,
				F3F18B2AC54A1C4A6B30DD59,
				5E322058AC617BEBDEB959B0,
			);
			name = Views;
			sourceTree = "<group>";
		};
		6C998728D51811A0B71B6C8D = {
			isa = PBXGroup;
			children = (
				9324060222BEBC1938335A14,
				6A02AC547E3CB8697D3BE28D,
				EE6D7C4590ECD6B0BD7E5432,
				5B0CEE8493A6D9A2D71863B9,
				0AF67D7B2DA3B44B56B2B2E5,
				81CA034BFB1B203F434EDAB7,
			);
			name = Source;
			sourceTree = "<group>";
		};
		F2C60117EE49CD1A97F2DB70 = {
			isa = PBXGroup;
			children = (
				FB4AF43AFBB8DA105A62D5CA,
				2B02B683F99EF190534EB10B,
				6C998728D51811A0B71B6C8D,
			);
			name = AvCaster;
			sourceTree = "<group>";
		};
		73586942ABEB229C46571894 = {
			isa = PBXGroup;
			children = (
				95D57D228260FE78B80788E1,
				6172B74F78C9CCE9B8F6454A,
				0F7DFAF118BC4F8E30C26284,
				9DCD45ECA7ED8445437448BE,
				C7DE2369194FE2CA53F3C7AB,
			);
			name = "JUCE Modules";
			sourceTree = "<group>";
		};
		B55E1727C4093BA7C2F2A517 = {
			isa = PBXGroup;
			children = (
				98AFEF7BA5628089B3C5EF04,
				0A6EE8DBB22147C9158DB6F2,
				2A7CED165262596F6C22A08A,
				94D46B10D5C4A523CC0686BE,
				B5C8FE79789A975666B4CF73,
				3D9E8DC302C918C49ADBC74B,
				ECCBF6A63799FAC04647B06F,
				506FB352FFCCF59B7CFEFCCB,
				936206F364E4304D8D9C1A07,
			);
			name = "JUCE Library Code";
			sourceTree = "<group>";
		};
		F331CA38CD0BAADC55E837B6 = {
			isa = PBXGroup;
			children = (
				90CEDEF830428103202E7CA7,
				825DEEE459236B6D30002DCA,
			);
			name = Resources;
			sourceTree = "<group>";
		};
		F866371F4162E29126577D49 = {
			isa = PBXGroup;
			children = (
				8B1FCF9B5CBD965AC2AF7E87,
				DC651A5CFE927016C58A353C,
				A8E371D7D9CD76C5083AF851,
				DC3C02563A5E686664261B21,
			);
			name = Frameworks;
			sourceTree = "<group>";
		};
		0CAA11B46834DF7FDB478D22 = {
			isa = PBXGroup;
			children = (
				A0104874CAF3C0EFB0B8B694,
			);
			name = Products;
			sourceTree = "<group>";
		};
		C443658E119F4A8738505F8C = {
			isa = PBXGroup;
			children = (
				F2C60117EE49CD1A97F2DB70,
				73586942ABEB229C46571894,
				B55E1727C4093BA7C2F2A517,
				F331CA38CD0BAADC55E837B6,
				F866371F4162E29126577D49,
				0CAA11B46834DF7FDB478D22,
			);
			name = Source;
			sourceTree = "<group>";
		};
		B99959576B0249096920293B = {
			isa = XCBuildConfiguration;
			buildSettings = {
				CLANG_CXX_LANGUAGE_STANDARD = "c++14";
				CLANG_CXX_LIBRARY = "libc++";
				CLANG_LINK_OBJC_RUNTIME = NO;
				CODE_SIGN_IDENTITY = "";
				COMBINE_HIDPI_IMAGES = YES;
				CONFIGURATION_BUILD_DIR = "$(PROJECT_DIR)/build/$(CONFIGURATION)";
				COPY_PHASE_STRIP = NO;
				GCC_DYNAMIC_NO_PIC = NO;
				GCC_OPTIMIZATION_LEVEL = 0;
				GCC_PREPROCESSOR_DEFINITIONS = (
					"_DEBUG=1",
					"DEBUG=1",
					"JUCER_XCODE_MAC_F6D2F4CF=1",
					"JUCE_APP_VERSION=0.16.005-pre6",
					"JUCE_APP_VERSION_HEX=0x1005",
					"JucePlugin_Build_VST=0",
					"JucePlugin_Build_VST3=0",
					"JucePlugin_Build_AU=0",
					"JucePlugin_Build_AUv3=0",
					"JucePlugin_Build_RTAS=0",
					"JucePlugin_Build_AAX=0",
					"JucePlugin_Build_Standalone=0",
					"JucePlugin_Build_Unity=0",
				);
				GCC_VERSION = com.apple.compilers.llvm.clang.1_0;
				HEADER_SEARCH_PATHS = (
					"../../JuceLibraryCode",
					"../../JuceLibraryCode/modules",
					"/usr/include/libircclient",
					"$(inherited)",
				);
				INFOPLIST_FILE = Info-App.plist;
				INFOPLIST_PREPROCESS = NO;
				INSTALL_PATH = "$(HOME)/Applications";
				MACOSX_DEPLOYMENT_TARGET = 10.11;
				PRODUCT_BUNDLE_IDENTIFIER = org.bill-auger.av-caster;
				PRODUCT_NAME = "AvCaster";
				USE_HEADERMAP = NO;
			};
			name = Debug;
		};
		0383B67B17E718411DA437FE = {
			isa = XCBuildConfiguration;
			buildSettings = {
				CLANG_CXX_LANGUAGE_STANDARD = "c++14";
				CLANG_CXX_LIBRARY = "libc++";
				CLANG_LINK_OBJC_RUNTIME = NO;
				CODE_SIGN_IDENTITY = "";
				COMBINE_HIDPI_IMAGES = YES;
				CONFIGURATION_BUILD_DIR = "$(PROJECT_DIR)/build/$(CONFIGURATION)";
				DEAD_CODE_STRIPPING = YES;
				GCC_GENERATE_DEBUGGING_SYMBOLS = NO;
				GCC_OPTIMIZATION_LEVEL = 3;
				GCC_PREPROCESSOR_DEFINITIONS = (
					"_NDEBUG=1",
					"NDEBUG=1",
					"JUCER_XCODE_MAC_F6D2F4CF=1",
					"JUCE_APP_VERSION=0.16.005-pre6",
					"JUCE_APP_VERSION_HEX=0x1005",
					"JucePlugin_Build_VST=0",
					"JucePlugin_Build_VST3=0",
					"JucePlugin_Build_AU=0",
					"JucePlugin_Build_AUv3=0",
					"JucePlugin_Build_RTAS=0",
					"JucePlugin_Build_AAX=0",
					"JucePlugin_Build_Standalone=0",
					"JucePlugin_Build_Unity=0",
				);
				GCC_SYMBOLS_PRIVATE_EXTERN = YES;
				GCC_VERSION = com.apple.compilers.llvm.clang.1_0;
				HEADER_SEARCH_PATHS = (
					"../../JuceLibraryCode",
					"../../JuceLibraryCode/modules",
					"/usr/include/libircclient",
					"$(inherited)",
				);
				INFOPLIST_FILE = Info-App.plist;
				INFOPLIST_PREPROCESS = NO;
				INSTALL_PATH = "$(HOME)/Applications";
				LLVM_LTO = YES;
				MACOSX_DEPLOYMENT_TARGET = 10.11;
				PRODUCT_BUNDLE_IDENTIFIER = org.bill-auger.av-caster;
				PRODUCT_NAME = "AvCaster";
				USE_HEADERMAP = NO;
			};
			name = Release;
		};
		9B4BE8729A058ADC127279DB = {
			isa = XCBuildConfiguration;
			buildSettings = {
				ALWAYS_SEARCH_USER_PATHS = NO;
				CLANG_ENABLE_OBJC_WEAK = YES;
				CLANG_WARN_BLOCK_CAPTURE_AUTORELEASING = YES;
				CLANG_WARN_BOOL_CONVERSION = YES;
				CLANG_WARN_COMMA = YES;
				CLANG_WARN_CONSTANT_CONVERSION = YES;
				CLANG_WARN_DEPRECATED_OBJC_IMPLEMENTATIONS = YES;
				CLANG_WARN_EMPTY_BODY = YES;
				CLANG_WARN_ENUM_CONVERSION = YES;
				CLANG_WARN_INFINITE_RECURSION = YES;
				CLANG_WARN_INT_CONVERSION = YES;
				CLANG_WARN_NON_LITERAL_NULL_CONVERSION = YES;
				CLANG_WARN_OBJC_IMPLICIT_RETAIN_SELF = YES;
				CLANG_WARN_OBJC_LITERAL_CONVERSION = YES;
				CLANG_WARN_RANGE_LOOP_ANALYSIS = YES;
				CLANG_WARN_STRICT_PROTOTYPES = YES;
				CLANG_WARN_SUSPICIOUS_MOVE = YES;
				CLANG_WARN_UNREACHABLE_CODE = YES;
				CLANG_WARN__DUPLICATE_METHOD_MATCH = YES;
				CODE_SIGN_IDENTITY = "";
				DEBUG_INFORMATION_FORMAT = dwarf;
				ENABLE_STRICT_OBJC_MSGSEND = YES;
				ENABLE_TESTABILITY = YES;
				GCC_C_LANGUAGE_STANDARD = c11;
				GCC_INLINES_ARE_PRIVATE_EXTERN = YES;
				GCC_MODEL_TUNING = G5;
				GCC_NO_COMMON_BLOCKS = YES;
				GCC_WARN_64_TO_32_BIT_CONVERSION = YES;
				GCC_WARN_ABOUT_RETURN_TYPE = YES;
				GCC_WARN_CHECK_SWITCH_STATEMENTS = YES;
				GCC_WARN_MISSING_PARENTHESES = YES;
				GCC_WARN_NON_VIRTUAL_DESTRUCTOR = YES;
				GCC_WARN_TYPECHECK_CALLS_TO_PRINTF = YES;
				GCC_WARN_UNDECLARED_SELECTOR = YES;
				GCC_WARN_UNINITIALIZED_AUTOS = YES;
				GCC_WARN_UNUSED_FUNCTION = YES;
				GCC_WARN_UNUSED_VARIABLE = YES;
				ONLY_ACTIVE_ARCH = YES;
				PRODUCT_NAME = "AvCaster";
				SDKROOT = macosx;
				WARNING_CFLAGS = "-Wreorder";
				ZERO_LINK = NO;
			};
			name = Debug;
		};
		6197C3EB8D5FC3C6A0C295B1 = {
			isa = XCBuildConfiguration;
			buildSettings = {
				ALWAYS_SEARCH_USER_PATHS = NO;
				CLANG_ENABLE_OBJC_WEAK = YES;
				CLANG_WARN_BLOCK_CAPTURE_AUTORELEASING = YES;
				CLANG_WARN_BOOL_CONVERSION = YES;
				CLANG_WARN_COMMA = YES;
				CLANG_WARN_CONSTANT_CONVERSION = YES;
				CLANG_WARN_DEPRECATED_OBJC_IMPLEMENTATIONS = YES;
				CLANG_WARN_EMPTY_BODY = YES;
				CLANG_WARN_ENUM_CONVERSION = YES;
				CLANG_WARN_INFINITE_RECURSION = YES;
				CLANG_WARN_INT_CONVERSION = YES;
				CLANG_WARN_NON_LITERAL_NULL_CONVERSION = YES;
				CLANG_WARN_OBJC_IMPLICIT_RETAIN_SELF = YES;
				CLANG_WARN_OBJC_LITERAL_CONVERSION = YES;
				CLANG_WARN_RANGE_LOOP_ANALYSIS = YES;
				CLANG_WARN_STRICT_PROTOTYPES = YES;
				CLANG_WARN_SUSPICIOUS_MOVE = YES;
				CLANG_WARN_UNREACHABLE_CODE = YES;
				CLANG_WARN__DUPLICATE_METHOD_MATCH = YES;
				CODE_SIGN_IDENTITY = "";
				DEBUG_INFORMATION_FORMAT = dwarf;
				ENABLE_STRICT_OBJC_MSGSEND = YES;
				GCC_C_LANGUAGE_STANDARD = c11;
				GCC_INLINES_ARE_PRIVATE_EXTERN = YES;
				GCC_MODEL_TUNING = G5;
				GCC_NO_COMMON_BLOCKS = YES;
				GCC_WARN_64_TO_32_BIT_CONVERSION = YES;
				GCC_WARN_ABOUT_RETURN_TYPE = YES;
				GCC_WARN_CHECK_SWITCH_STATEMENTS = YES;
				GCC_WARN_MISSING_PARENTHESES = YES;
				GCC_WARN_NON_VIRTUAL_DESTRUCTOR = YES;
				GCC_WARN_TYPECHECK_CALLS_TO_PRINTF = YES;
				GCC_WARN_UNDECLARED_SELECTOR = YES;
				GCC_WARN_UNINITIALIZED_AUTOS = YES;
				GCC_WARN_UNUSED_FUNCTION = YES;
				GCC_WARN_UNUSED_VARIABLE = YES;
				PRODUCT_NAME = "AvCaster";
				SDKROOT = macosx;
				WARNING_CFLAGS = "-Wreorder";
				ZERO_LINK = NO;
			};
			name = Release;
		};
		7C7D391BD3D5E053F7A6083A = {
			isa = PBXTargetDependency;
			target = ABE763B136F40F87030050FE;
		};
		3D91A0834F5299BB3C19454C = {
			isa = XCConfigurationList;
			buildConfigurations = (
				9B4BE8729A058ADC127279DB,
				6197C3EB8D5FC3C6A0C295B1,
			);
			defaultConfigurationIsVisible = 0;
			defaultConfigurationName = Debug;
		};
		BEB32DABAA1232D8E8A31A3F = {
			isa = XCConfigurationList;
			buildConfigurations = (
				B99959576B0249096920293B,
				0383B67B17E718411DA437FE,
			);
			defaultConfigurationIsVisible = 0;
			defaultConfigurationName = Debug;
		};
		DAD30C726FA5850590BF37DC = {
			isa = PBXResourcesBuildPhase;
			buildActionMask = 2147483647;
			files = (
				06059B94A205A7D64ECDD7B8,
			);
			runOnlyForDeploymentPostprocessing = 0;
		};
		298F1D0F18DB4E7248AD1DAD = {
			isa = PBXSourcesBuildPhase;
			buildActionMask = 2147483647;
			files = (
				210CC530671F70513C540ABB,
				1BE6DD0D8E77AB709D65E73B,
				62CFA08CDDFD9D8FFD7FA700,
				02028E1A9F1609C2E436605B,
				F7F0B160141166E8908260C0,
				69A5ABDD732BEAD158BE2322,
				854D465C294C4D39266900A2,
				DC29E1625D85A23501D7E75D,
				549D3BD60B68B66A00905C2E,
				94C04B3B64C13F30576ABEEA,
				6497C0D9B3BDBB3CB027CAAB,
				C15DEDD480CA68C60AD96632,
				598CF3021A77D924DCE9A752,
				B4E436B0E77CE84C5E45A090,
				A258D95D5FACF1E827ECEBD8,
				B5828F6E2B3DDCF68254BD9C,
				00C2F6D818F45776B4DCD512,
				69996F8136DA50667B660DAB,
				3BA483ABBD26CF713044F2E2,
				53B2DC37C391D388C49B4B61,
				E4FF24989A8356203FBEA2A7,
				350AA9534385FC4D30175A61,
				7C61E62E70A57A78FF9ED1DE,
				A2A7DEDDCB99F8DDD19D1FDE,
				F21A678ACE9D27E9B5904878,
				1516532462D3C1E9693C71AD,
				1FB7C709FC9B783AA1278208,
				EEC9DFFBE5E83DF830D2F4AB,
				CD9496469F0C8896EEE705C3,
				8B6D78F3CCBF86D2394C7580,
				32E3B0E668EC959A99CB78AC,
				7191A70E55F5398D31180474,
				5D513ABD29154C5AC1CEE0E6,
				D17C56C5C0EFA9D34886AA52,
				F94EB10558647058CE59CA9F,
			);
			runOnlyForDeploymentPostprocessing = 0;
		};
		5DC008EA2823D42A4E3E12DF = {
			isa = PBXFrameworksBuildPhase;
			buildActionMask = 2147483647;
			files = (
				CC12ECD6C8EDCC05D3191658,
				492D772766A582904E3EE378,
				03211665CF67C9B141EF715B,
				5F4F961BF3D01944BDE62E34,
			);
			runOnlyForDeploymentPostprocessing = 0;
		};
		ABE763B136F40F87030050FE = {
			isa = PBXNativeTarget;
			buildConfigurationList = BEB32DABAA1232D8E8A31A3F;
			buildPhases = (
				DAD30C726FA5850590BF37DC,
				298F1D0F18DB4E7248AD1DAD,
				5DC008EA2823D42A4E3E12DF,
			);
			buildRules = ( );
			dependencies = ( );
			name = "AvCaster - App";
			productName = AvCaster;
			productReference = A0104874CAF3C0EFB0B8B694;
			productType = "com.apple.product-type.application";
		};
		B81385CFAB304354DACEA2B1 = {
			isa = PBXProject;
			buildConfigurationList = 3D91A0834F5299BB3C19454C;
			attributes = { LastUpgradeCheck = 1100; ORGANIZATIONNAME = ""; TargetAttributes = { ABE763B136F40F87030050FE = { SystemCapabilities = {com.apple.ApplicationGroups.iOS = { enabled = 0; }; com.apple.InAppPurchase = { enabled = 0; }; com.apple.InterAppAudio = { enabled = 0; }; com.apple.Push = { enabled = 0; }; com.apple.Sandbox = { enabled = 0; }; com.apple.HardenedRuntime = { enabled = 0; }; }; }; }; };
			compatibilityVersion = "Xcode 3.2";
			hasScannedForEncodings = 0;
			mainGroup = C443658E119F4A8738505F8C;
			projectDirPath = "";
			projectRoot = "";
			targets = (ABE763B136F40F87030050FE);
			knownRegions = (en, Base);
		};
	};
	rootObject = B81385CFAB304354DACEA2B1;
}
