<?xml version="1.0" encoding="UTF-8" standalone="yes" ?>
<CodeBlocks_project_file>
	<FileVersion major="1" minor="6" />
	<Project>
		<Option title="AvCaster" />
		<Option pch_mode="2" />
		<Option compiler="gcc" />
		<Build>
			<Target title="Debug">
				<Option output="bin/Debug/AvCaster" prefix_auto="1" extension_auto="1" />
				<Option object_output="obj/Debug" />
				<Option type="0" />
				<Option compiler="gcc" />
				<Compiler>
					<Add option="-O0" />
					<Add option="-std=c++11" />
					<Add option="-mstackrealign" />
					<Add option="-g" />
					<Add option="-DLINUX=1" />
					<Add option="-DDEBUG=1" />
					<Add option="-D_DEBUG=1" />
					<Add option="-DJUCER_CODEBLOCKS_LINUX_191E0897=1" />
					<Add option="-DJUCE_APP_VERSION=1.0.0" />
					<Add option="-DJUCE_APP_VERSION_HEX=0x10000" />
					<Add directory="." />
					<Add directory="../../JuceLibraryCode" />
					<Add directory="/usr/include/freetype2" />
				</Compiler>
				<Linker>
					<Add library="X11" />
					<Add library="Xext" />
					<Add library="Xinerama" />
					<Add library="dl" />
					<Add library="freetype" />
					<Add library="pthread" />
					<Add library="rt" />
				</Linker>
			</Target>
			<Target title="Release">
				<Option output="bin/Release/AvCaster" prefix_auto="1" extension_auto="1" />
				<Option object_output="obj/Release" />
				<Option type="0" />
				<Option compiler="gcc" />
				<Compiler>
					<Add option="-O3" />
					<Add option="-std=c++11" />
					<Add option="-mstackrealign" />
					<Add option="-DLINUX=1" />
					<Add option="-DNDEBUG=1" />
					<Add option="-DJUCER_CODEBLOCKS_LINUX_191E0897=1" />
					<Add option="-DJUCE_APP_VERSION=1.0.0" />
					<Add option="-DJUCE_APP_VERSION_HEX=0x10000" />
					<Add directory="." />
					<Add directory="../../JuceLibraryCode" />
					<Add directory="/usr/include/freetype2" />
				</Compiler>
				<Linker>
					<Add option="-s" />
					<Add library="X11" />
					<Add library="Xext" />
					<Add library="Xinerama" />
					<Add library="dl" />
					<Add library="freetype" />
					<Add library="pthread" />
					<Add library="rt" />
				</Linker>
			</Target>
		</Build>
		<Compiler>
			<Add option="-Wall" />
			<Add option="-Wno-strict-aliasing" />
			<Add option="-Wno-strict-overflow" />
			<Add option="`pkg-config --cflags gstreamer-1.0`" />
		</Compiler>
		<Linker>
			<Add option="`pkg-config --libs gstreamer-1.0`" />
			<Add option="`pkg-config --libs gstreamer-video-1.0`" />
		</Linker>
		<Unit filename="../../JuceLibraryCode/AppConfig.h" />
		<Unit filename="../../JuceLibraryCode/JuceHeader.h" />
		<Unit filename="../../JuceLibraryCode/modules/juce_core/containers/juce_AbstractFifo.cpp">
			<Option compile="0" />
			<Option link="0" />
		</Unit>
		<Unit filename="../../JuceLibraryCode/modules/juce_core/containers/juce_AbstractFifo.h" />
		<Unit filename="../../JuceLibraryCode/modules/juce_core/containers/juce_Array.h" />
		<Unit filename="../../JuceLibraryCode/modules/juce_core/containers/juce_ArrayAllocationBase.h" />
		<Unit filename="../../JuceLibraryCode/modules/juce_core/containers/juce_DynamicObject.cpp">
			<Option compile="0" />
			<Option link="0" />
		</Unit>
		<Unit filename="../../JuceLibraryCode/modules/juce_core/containers/juce_DynamicObject.h" />
		<Unit filename="../../JuceLibraryCode/modules/juce_core/containers/juce_ElementComparator.h" />
		<Unit filename="../../JuceLibraryCode/modules/juce_core/containers/juce_HashMap.h" />
		<Unit filename="../../JuceLibraryCode/modules/juce_core/containers/juce_LinkedListPointer.h" />
		<Unit filename="../../JuceLibraryCode/modules/juce_core/containers/juce_NamedValueSet.cpp">
			<Option compile="0" />
			<Option link="0" />
		</Unit>
		<Unit filename="../../JuceLibraryCode/modules/juce_core/containers/juce_NamedValueSet.h" />
		<Unit filename="../../JuceLibraryCode/modules/juce_core/containers/juce_OwnedArray.h" />
		<Unit filename="../../JuceLibraryCode/modules/juce_core/containers/juce_PropertySet.cpp">
			<Option compile="0" />
			<Option link="0" />
		</Unit>
		<Unit filename="../../JuceLibraryCode/modules/juce_core/containers/juce_PropertySet.h" />
		<Unit filename="../../JuceLibraryCode/modules/juce_core/containers/juce_ReferenceCountedArray.h" />
		<Unit filename="../../JuceLibraryCode/modules/juce_core/containers/juce_ScopedValueSetter.h" />
		<Unit filename="../../JuceLibraryCode/modules/juce_core/containers/juce_SortedSet.h" />
		<Unit filename="../../JuceLibraryCode/modules/juce_core/containers/juce_SparseSet.h" />
		<Unit filename="../../JuceLibraryCode/modules/juce_core/containers/juce_Variant.cpp">
			<Option compile="0" />
			<Option link="0" />
		</Unit>
		<Unit filename="../../JuceLibraryCode/modules/juce_core/containers/juce_Variant.h" />
		<Unit filename="../../JuceLibraryCode/modules/juce_core/files/juce_DirectoryIterator.cpp">
			<Option compile="0" />
			<Option link="0" />
		</Unit>
		<Unit filename="../../JuceLibraryCode/modules/juce_core/files/juce_DirectoryIterator.h" />
		<Unit filename="../../JuceLibraryCode/modules/juce_core/files/juce_File.cpp">
			<Option compile="0" />
			<Option link="0" />
		</Unit>
		<Unit filename="../../JuceLibraryCode/modules/juce_core/files/juce_File.h" />
		<Unit filename="../../JuceLibraryCode/modules/juce_core/files/juce_FileFilter.cpp">
			<Option compile="0" />
			<Option link="0" />
		</Unit>
		<Unit filename="../../JuceLibraryCode/modules/juce_core/files/juce_FileFilter.h" />
		<Unit filename="../../JuceLibraryCode/modules/juce_core/files/juce_FileInputStream.cpp">
			<Option compile="0" />
			<Option link="0" />
		</Unit>
		<Unit filename="../../JuceLibraryCode/modules/juce_core/files/juce_FileInputStream.h" />
		<Unit filename="../../JuceLibraryCode/modules/juce_core/files/juce_FileOutputStream.cpp">
			<Option compile="0" />
			<Option link="0" />
		</Unit>
		<Unit filename="../../JuceLibraryCode/modules/juce_core/files/juce_FileOutputStream.h" />
		<Unit filename="../../JuceLibraryCode/modules/juce_core/files/juce_FileSearchPath.cpp">
			<Option compile="0" />
			<Option link="0" />
		</Unit>
		<Unit filename="../../JuceLibraryCode/modules/juce_core/files/juce_FileSearchPath.h" />
		<Unit filename="../../JuceLibraryCode/modules/juce_core/files/juce_MemoryMappedFile.h" />
		<Unit filename="../../JuceLibraryCode/modules/juce_core/files/juce_TemporaryFile.cpp">
			<Option compile="0" />
			<Option link="0" />
		</Unit>
		<Unit filename="../../JuceLibraryCode/modules/juce_core/files/juce_TemporaryFile.h" />
		<Unit filename="../../JuceLibraryCode/modules/juce_core/files/juce_WildcardFileFilter.cpp">
			<Option compile="0" />
			<Option link="0" />
		</Unit>
		<Unit filename="../../JuceLibraryCode/modules/juce_core/files/juce_WildcardFileFilter.h" />
		<Unit filename="../../JuceLibraryCode/modules/juce_core/javascript/juce_JSON.cpp">
			<Option compile="0" />
			<Option link="0" />
		</Unit>
		<Unit filename="../../JuceLibraryCode/modules/juce_core/javascript/juce_JSON.h" />
		<Unit filename="../../JuceLibraryCode/modules/juce_core/javascript/juce_Javascript.cpp">
			<Option compile="0" />
			<Option link="0" />
		</Unit>
		<Unit filename="../../JuceLibraryCode/modules/juce_core/javascript/juce_Javascript.h" />
		<Unit filename="../../JuceLibraryCode/modules/juce_core/juce_core.cpp" />
		<Unit filename="../../JuceLibraryCode/modules/juce_core/juce_core.h" />
		<Unit filename="../../JuceLibraryCode/modules/juce_core/juce_module_info" />
		<Unit filename="../../JuceLibraryCode/modules/juce_core/logging/juce_FileLogger.cpp">
			<Option compile="0" />
			<Option link="0" />
		</Unit>
		<Unit filename="../../JuceLibraryCode/modules/juce_core/logging/juce_FileLogger.h" />
		<Unit filename="../../JuceLibraryCode/modules/juce_core/logging/juce_Logger.cpp">
			<Option compile="0" />
			<Option link="0" />
		</Unit>
		<Unit filename="../../JuceLibraryCode/modules/juce_core/logging/juce_Logger.h" />
		<Unit filename="../../JuceLibraryCode/modules/juce_core/maths/juce_BigInteger.cpp">
			<Option compile="0" />
			<Option link="0" />
		</Unit>
		<Unit filename="../../JuceLibraryCode/modules/juce_core/maths/juce_BigInteger.h" />
		<Unit filename="../../JuceLibraryCode/modules/juce_core/maths/juce_Expression.cpp">
			<Option compile="0" />
			<Option link="0" />
		</Unit>
		<Unit filename="../../JuceLibraryCode/modules/juce_core/maths/juce_Expression.h" />
		<Unit filename="../../JuceLibraryCode/modules/juce_core/maths/juce_MathsFunctions.h" />
		<Unit filename="../../JuceLibraryCode/modules/juce_core/maths/juce_NormalisableRange.h" />
		<Unit filename="../../JuceLibraryCode/modules/juce_core/maths/juce_Random.cpp">
			<Option compile="0" />
			<Option link="0" />
		</Unit>
		<Unit filename="../../JuceLibraryCode/modules/juce_core/maths/juce_Random.h" />
		<Unit filename="../../JuceLibraryCode/modules/juce_core/maths/juce_Range.h" />
		<Unit filename="../../JuceLibraryCode/modules/juce_core/memory/juce_Atomic.h" />
		<Unit filename="../../JuceLibraryCode/modules/juce_core/memory/juce_ByteOrder.h" />
		<Unit filename="../../JuceLibraryCode/modules/juce_core/memory/juce_ContainerDeletePolicy.h" />
		<Unit filename="../../JuceLibraryCode/modules/juce_core/memory/juce_HeapBlock.h" />
		<Unit filename="../../JuceLibraryCode/modules/juce_core/memory/juce_LeakedObjectDetector.h" />
		<Unit filename="../../JuceLibraryCode/modules/juce_core/memory/juce_Memory.h" />
		<Unit filename="../../JuceLibraryCode/modules/juce_core/memory/juce_MemoryBlock.cpp">
			<Option compile="0" />
			<Option link="0" />
		</Unit>
		<Unit filename="../../JuceLibraryCode/modules/juce_core/memory/juce_MemoryBlock.h" />
		<Unit filename="../../JuceLibraryCode/modules/juce_core/memory/juce_OptionalScopedPointer.h" />
		<Unit filename="../../JuceLibraryCode/modules/juce_core/memory/juce_ReferenceCountedObject.h" />
		<Unit filename="../../JuceLibraryCode/modules/juce_core/memory/juce_ScopedPointer.h" />
		<Unit filename="../../JuceLibraryCode/modules/juce_core/memory/juce_SharedResourcePointer.h" />
		<Unit filename="../../JuceLibraryCode/modules/juce_core/memory/juce_Singleton.h" />
		<Unit filename="../../JuceLibraryCode/modules/juce_core/memory/juce_WeakReference.h" />
		<Unit filename="../../JuceLibraryCode/modules/juce_core/misc/juce_Result.cpp">
			<Option compile="0" />
			<Option link="0" />
		</Unit>
		<Unit filename="../../JuceLibraryCode/modules/juce_core/misc/juce_Result.h" />
		<Unit filename="../../JuceLibraryCode/modules/juce_core/misc/juce_Uuid.cpp">
			<Option compile="0" />
			<Option link="0" />
		</Unit>
		<Unit filename="../../JuceLibraryCode/modules/juce_core/misc/juce_Uuid.h" />
		<Unit filename="../../JuceLibraryCode/modules/juce_core/misc/juce_WindowsRegistry.h" />
		<Unit filename="../../JuceLibraryCode/modules/juce_core/native/juce_BasicNativeHeaders.h" />
		<Unit filename="../../JuceLibraryCode/modules/juce_core/native/juce_android_Files.cpp">
			<Option compile="0" />
			<Option link="0" />
		</Unit>
		<Unit filename="../../JuceLibraryCode/modules/juce_core/native/juce_android_JNIHelpers.h" />
		<Unit filename="../../JuceLibraryCode/modules/juce_core/native/juce_android_Misc.cpp">
			<Option compile="0" />
			<Option link="0" />
		</Unit>
		<Unit filename="../../JuceLibraryCode/modules/juce_core/native/juce_android_Network.cpp">
			<Option compile="0" />
			<Option link="0" />
		</Unit>
		<Unit filename="../../JuceLibraryCode/modules/juce_core/native/juce_android_SystemStats.cpp">
			<Option compile="0" />
			<Option link="0" />
		</Unit>
		<Unit filename="../../JuceLibraryCode/modules/juce_core/native/juce_android_Threads.cpp">
			<Option compile="0" />
			<Option link="0" />
		</Unit>
		<Unit filename="../../JuceLibraryCode/modules/juce_core/native/juce_curl_Network.cpp">
			<Option compile="0" />
			<Option link="0" />
		</Unit>
		<Unit filename="../../JuceLibraryCode/modules/juce_core/native/juce_linux_CommonFile.cpp">
			<Option compile="0" />
			<Option link="0" />
		</Unit>
		<Unit filename="../../JuceLibraryCode/modules/juce_core/native/juce_linux_Files.cpp">
			<Option compile="0" />
			<Option link="0" />
		</Unit>
		<Unit filename="../../JuceLibraryCode/modules/juce_core/native/juce_linux_Network.cpp">
			<Option compile="0" />
			<Option link="0" />
		</Unit>
		<Unit filename="../../JuceLibraryCode/modules/juce_core/native/juce_linux_SystemStats.cpp">
			<Option compile="0" />
			<Option link="0" />
		</Unit>
		<Unit filename="../../JuceLibraryCode/modules/juce_core/native/juce_linux_Threads.cpp">
			<Option compile="0" />
			<Option link="0" />
		</Unit>
		<Unit filename="../../JuceLibraryCode/modules/juce_core/native/juce_mac_Files.mm" />
		<Unit filename="../../JuceLibraryCode/modules/juce_core/native/juce_mac_Network.mm" />
		<Unit filename="../../JuceLibraryCode/modules/juce_core/native/juce_mac_Strings.mm" />
		<Unit filename="../../JuceLibraryCode/modules/juce_core/native/juce_mac_SystemStats.mm" />
		<Unit filename="../../JuceLibraryCode/modules/juce_core/native/juce_mac_Threads.mm" />
		<Unit filename="../../JuceLibraryCode/modules/juce_core/native/juce_osx_ObjCHelpers.h" />
		<Unit filename="../../JuceLibraryCode/modules/juce_core/native/juce_posix_NamedPipe.cpp">
			<Option compile="0" />
			<Option link="0" />
		</Unit>
		<Unit filename="../../JuceLibraryCode/modules/juce_core/native/juce_posix_SharedCode.h" />
		<Unit filename="../../JuceLibraryCode/modules/juce_core/native/juce_win32_ComSmartPtr.h" />
		<Unit filename="../../JuceLibraryCode/modules/juce_core/native/juce_win32_Files.cpp">
			<Option compile="0" />
			<Option link="0" />
		</Unit>
		<Unit filename="../../JuceLibraryCode/modules/juce_core/native/juce_win32_Network.cpp">
			<Option compile="0" />
			<Option link="0" />
		</Unit>
		<Unit filename="../../JuceLibraryCode/modules/juce_core/native/juce_win32_Registry.cpp">
			<Option compile="0" />
			<Option link="0" />
		</Unit>
		<Unit filename="../../JuceLibraryCode/modules/juce_core/native/juce_win32_SystemStats.cpp">
			<Option compile="0" />
			<Option link="0" />
		</Unit>
		<Unit filename="../../JuceLibraryCode/modules/juce_core/native/juce_win32_Threads.cpp">
			<Option compile="0" />
			<Option link="0" />
		</Unit>
		<Unit filename="../../JuceLibraryCode/modules/juce_core/network/juce_IPAddress.cpp">
			<Option compile="0" />
			<Option link="0" />
		</Unit>
		<Unit filename="../../JuceLibraryCode/modules/juce_core/network/juce_IPAddress.h" />
		<Unit filename="../../JuceLibraryCode/modules/juce_core/network/juce_MACAddress.cpp">
			<Option compile="0" />
			<Option link="0" />
		</Unit>
		<Unit filename="../../JuceLibraryCode/modules/juce_core/network/juce_MACAddress.h" />
		<Unit filename="../../JuceLibraryCode/modules/juce_core/network/juce_NamedPipe.cpp">
			<Option compile="0" />
			<Option link="0" />
		</Unit>
		<Unit filename="../../JuceLibraryCode/modules/juce_core/network/juce_NamedPipe.h" />
		<Unit filename="../../JuceLibraryCode/modules/juce_core/network/juce_Socket.cpp">
			<Option compile="0" />
			<Option link="0" />
		</Unit>
		<Unit filename="../../JuceLibraryCode/modules/juce_core/network/juce_Socket.h" />
		<Unit filename="../../JuceLibraryCode/modules/juce_core/network/juce_URL.cpp">
			<Option compile="0" />
			<Option link="0" />
		</Unit>
		<Unit filename="../../JuceLibraryCode/modules/juce_core/network/juce_URL.h" />
		<Unit filename="../../JuceLibraryCode/modules/juce_core/streams/juce_BufferedInputStream.cpp">
			<Option compile="0" />
			<Option link="0" />
		</Unit>
		<Unit filename="../../JuceLibraryCode/modules/juce_core/streams/juce_BufferedInputStream.h" />
		<Unit filename="../../JuceLibraryCode/modules/juce_core/streams/juce_FileInputSource.cpp">
			<Option compile="0" />
			<Option link="0" />
		</Unit>
		<Unit filename="../../JuceLibraryCode/modules/juce_core/streams/juce_FileInputSource.h" />
		<Unit filename="../../JuceLibraryCode/modules/juce_core/streams/juce_InputSource.h" />
		<Unit filename="../../JuceLibraryCode/modules/juce_core/streams/juce_InputStream.cpp">
			<Option compile="0" />
			<Option link="0" />
		</Unit>
		<Unit filename="../../JuceLibraryCode/modules/juce_core/streams/juce_InputStream.h" />
		<Unit filename="../../JuceLibraryCode/modules/juce_core/streams/juce_MemoryInputStream.cpp">
			<Option compile="0" />
			<Option link="0" />
		</Unit>
		<Unit filename="../../JuceLibraryCode/modules/juce_core/streams/juce_MemoryInputStream.h" />
		<Unit filename="../../JuceLibraryCode/modules/juce_core/streams/juce_MemoryOutputStream.cpp">
			<Option compile="0" />
			<Option link="0" />
		</Unit>
		<Unit filename="../../JuceLibraryCode/modules/juce_core/streams/juce_MemoryOutputStream.h" />
		<Unit filename="../../JuceLibraryCode/modules/juce_core/streams/juce_OutputStream.cpp">
			<Option compile="0" />
			<Option link="0" />
		</Unit>
		<Unit filename="../../JuceLibraryCode/modules/juce_core/streams/juce_OutputStream.h" />
		<Unit filename="../../JuceLibraryCode/modules/juce_core/streams/juce_SubregionStream.cpp">
			<Option compile="0" />
			<Option link="0" />
		</Unit>
		<Unit filename="../../JuceLibraryCode/modules/juce_core/streams/juce_SubregionStream.h" />
		<Unit filename="../../JuceLibraryCode/modules/juce_core/system/juce_CompilerSupport.h" />
		<Unit filename="../../JuceLibraryCode/modules/juce_core/system/juce_PlatformDefs.h" />
		<Unit filename="../../JuceLibraryCode/modules/juce_core/system/juce_StandardHeader.h" />
		<Unit filename="../../JuceLibraryCode/modules/juce_core/system/juce_SystemStats.cpp">
			<Option compile="0" />
			<Option link="0" />
		</Unit>
		<Unit filename="../../JuceLibraryCode/modules/juce_core/system/juce_SystemStats.h" />
		<Unit filename="../../JuceLibraryCode/modules/juce_core/system/juce_TargetPlatform.h" />
		<Unit filename="../../JuceLibraryCode/modules/juce_core/text/juce_Base64.cpp">
			<Option compile="0" />
			<Option link="0" />
		</Unit>
		<Unit filename="../../JuceLibraryCode/modules/juce_core/text/juce_Base64.h" />
		<Unit filename="../../JuceLibraryCode/modules/juce_core/text/juce_CharPointer_ASCII.h" />
		<Unit filename="../../JuceLibraryCode/modules/juce_core/text/juce_CharPointer_UTF16.h" />
		<Unit filename="../../JuceLibraryCode/modules/juce_core/text/juce_CharPointer_UTF32.h" />
		<Unit filename="../../JuceLibraryCode/modules/juce_core/text/juce_CharPointer_UTF8.h" />
		<Unit filename="../../JuceLibraryCode/modules/juce_core/text/juce_CharacterFunctions.cpp">
			<Option compile="0" />
			<Option link="0" />
		</Unit>
		<Unit filename="../../JuceLibraryCode/modules/juce_core/text/juce_CharacterFunctions.h" />
		<Unit filename="../../JuceLibraryCode/modules/juce_core/text/juce_Identifier.cpp">
			<Option compile="0" />
			<Option link="0" />
		</Unit>
		<Unit filename="../../JuceLibraryCode/modules/juce_core/text/juce_Identifier.h" />
		<Unit filename="../../JuceLibraryCode/modules/juce_core/text/juce_LocalisedStrings.cpp">
			<Option compile="0" />
			<Option link="0" />
		</Unit>
		<Unit filename="../../JuceLibraryCode/modules/juce_core/text/juce_LocalisedStrings.h" />
		<Unit filename="../../JuceLibraryCode/modules/juce_core/text/juce_NewLine.h" />
		<Unit filename="../../JuceLibraryCode/modules/juce_core/text/juce_String.cpp">
			<Option compile="0" />
			<Option link="0" />
		</Unit>
		<Unit filename="../../JuceLibraryCode/modules/juce_core/text/juce_String.h" />
		<Unit filename="../../JuceLibraryCode/modules/juce_core/text/juce_StringArray.cpp">
			<Option compile="0" />
			<Option link="0" />
		</Unit>
		<Unit filename="../../JuceLibraryCode/modules/juce_core/text/juce_StringArray.h" />
		<Unit filename="../../JuceLibraryCode/modules/juce_core/text/juce_StringPairArray.cpp">
			<Option compile="0" />
			<Option link="0" />
		</Unit>
		<Unit filename="../../JuceLibraryCode/modules/juce_core/text/juce_StringPairArray.h" />
		<Unit filename="../../JuceLibraryCode/modules/juce_core/text/juce_StringPool.cpp">
			<Option compile="0" />
			<Option link="0" />
		</Unit>
		<Unit filename="../../JuceLibraryCode/modules/juce_core/text/juce_StringPool.h" />
		<Unit filename="../../JuceLibraryCode/modules/juce_core/text/juce_StringRef.h" />
		<Unit filename="../../JuceLibraryCode/modules/juce_core/text/juce_TextDiff.cpp">
			<Option compile="0" />
			<Option link="0" />
		</Unit>
		<Unit filename="../../JuceLibraryCode/modules/juce_core/text/juce_TextDiff.h" />
		<Unit filename="../../JuceLibraryCode/modules/juce_core/threads/juce_ChildProcess.cpp">
			<Option compile="0" />
			<Option link="0" />
		</Unit>
		<Unit filename="../../JuceLibraryCode/modules/juce_core/threads/juce_ChildProcess.h" />
		<Unit filename="../../JuceLibraryCode/modules/juce_core/threads/juce_CriticalSection.h" />
		<Unit filename="../../JuceLibraryCode/modules/juce_core/threads/juce_DynamicLibrary.h" />
		<Unit filename="../../JuceLibraryCode/modules/juce_core/threads/juce_HighResolutionTimer.cpp">
			<Option compile="0" />
			<Option link="0" />
		</Unit>
		<Unit filename="../../JuceLibraryCode/modules/juce_core/threads/juce_HighResolutionTimer.h" />
		<Unit filename="../../JuceLibraryCode/modules/juce_core/threads/juce_InterProcessLock.h" />
		<Unit filename="../../JuceLibraryCode/modules/juce_core/threads/juce_Process.h" />
		<Unit filename="../../JuceLibraryCode/modules/juce_core/threads/juce_ReadWriteLock.cpp">
			<Option compile="0" />
			<Option link="0" />
		</Unit>
		<Unit filename="../../JuceLibraryCode/modules/juce_core/threads/juce_ReadWriteLock.h" />
		<Unit filename="../../JuceLibraryCode/modules/juce_core/threads/juce_ScopedLock.h" />
		<Unit filename="../../JuceLibraryCode/modules/juce_core/threads/juce_ScopedReadLock.h" />
		<Unit filename="../../JuceLibraryCode/modules/juce_core/threads/juce_ScopedWriteLock.h" />
		<Unit filename="../../JuceLibraryCode/modules/juce_core/threads/juce_SpinLock.h" />
		<Unit filename="../../JuceLibraryCode/modules/juce_core/threads/juce_Thread.cpp">
			<Option compile="0" />
			<Option link="0" />
		</Unit>
		<Unit filename="../../JuceLibraryCode/modules/juce_core/threads/juce_Thread.h" />
		<Unit filename="../../JuceLibraryCode/modules/juce_core/threads/juce_ThreadLocalValue.h" />
		<Unit filename="../../JuceLibraryCode/modules/juce_core/threads/juce_ThreadPool.cpp">
			<Option compile="0" />
			<Option link="0" />
		</Unit>
		<Unit filename="../../JuceLibraryCode/modules/juce_core/threads/juce_ThreadPool.h" />
		<Unit filename="../../JuceLibraryCode/modules/juce_core/threads/juce_TimeSliceThread.cpp">
			<Option compile="0" />
			<Option link="0" />
		</Unit>
		<Unit filename="../../JuceLibraryCode/modules/juce_core/threads/juce_TimeSliceThread.h" />
		<Unit filename="../../JuceLibraryCode/modules/juce_core/threads/juce_WaitableEvent.h" />
		<Unit filename="../../JuceLibraryCode/modules/juce_core/time/juce_PerformanceCounter.cpp">
			<Option compile="0" />
			<Option link="0" />
		</Unit>
		<Unit filename="../../JuceLibraryCode/modules/juce_core/time/juce_PerformanceCounter.h" />
		<Unit filename="../../JuceLibraryCode/modules/juce_core/time/juce_RelativeTime.cpp">
			<Option compile="0" />
			<Option link="0" />
		</Unit>
		<Unit filename="../../JuceLibraryCode/modules/juce_core/time/juce_RelativeTime.h" />
		<Unit filename="../../JuceLibraryCode/modules/juce_core/time/juce_Time.cpp">
			<Option compile="0" />
			<Option link="0" />
		</Unit>
		<Unit filename="../../JuceLibraryCode/modules/juce_core/time/juce_Time.h" />
		<Unit filename="../../JuceLibraryCode/modules/juce_core/unit_tests/juce_UnitTest.cpp">
			<Option compile="0" />
			<Option link="0" />
		</Unit>
		<Unit filename="../../JuceLibraryCode/modules/juce_core/unit_tests/juce_UnitTest.h" />
		<Unit filename="../../JuceLibraryCode/modules/juce_core/xml/juce_XmlDocument.cpp">
			<Option compile="0" />
			<Option link="0" />
		</Unit>
		<Unit filename="../../JuceLibraryCode/modules/juce_core/xml/juce_XmlDocument.h" />
		<Unit filename="../../JuceLibraryCode/modules/juce_core/xml/juce_XmlElement.cpp">
			<Option compile="0" />
			<Option link="0" />
		</Unit>
		<Unit filename="../../JuceLibraryCode/modules/juce_core/xml/juce_XmlElement.h" />
		<Unit filename="../../JuceLibraryCode/modules/juce_core/zip/juce_GZIPCompressorOutputStream.cpp">
			<Option compile="0" />
			<Option link="0" />
		</Unit>
		<Unit filename="../../JuceLibraryCode/modules/juce_core/zip/juce_GZIPCompressorOutputStream.h" />
		<Unit filename="../../JuceLibraryCode/modules/juce_core/zip/juce_GZIPDecompressorInputStream.cpp">
			<Option compile="0" />
			<Option link="0" />
		</Unit>
		<Unit filename="../../JuceLibraryCode/modules/juce_core/zip/juce_GZIPDecompressorInputStream.h" />
		<Unit filename="../../JuceLibraryCode/modules/juce_core/zip/juce_ZipFile.cpp">
			<Option compile="0" />
			<Option link="0" />
		</Unit>
		<Unit filename="../../JuceLibraryCode/modules/juce_core/zip/juce_ZipFile.h" />
		<Unit filename="../../JuceLibraryCode/modules/juce_data_structures/app_properties/juce_ApplicationProperties.cpp">
			<Option compile="0" />
			<Option link="0" />
		</Unit>
		<Unit filename="../../JuceLibraryCode/modules/juce_data_structures/app_properties/juce_ApplicationProperties.h" />
		<Unit filename="../../JuceLibraryCode/modules/juce_data_structures/app_properties/juce_PropertiesFile.cpp">
			<Option compile="0" />
			<Option link="0" />
		</Unit>
		<Unit filename="../../JuceLibraryCode/modules/juce_data_structures/app_properties/juce_PropertiesFile.h" />
		<Unit filename="../../JuceLibraryCode/modules/juce_data_structures/juce_data_structures.cpp" />
		<Unit filename="../../JuceLibraryCode/modules/juce_data_structures/juce_data_structures.h" />
		<Unit filename="../../JuceLibraryCode/modules/juce_data_structures/juce_module_info" />
		<Unit filename="../../JuceLibraryCode/modules/juce_data_structures/undomanager/juce_UndoManager.cpp">
			<Option compile="0" />
			<Option link="0" />
		</Unit>
		<Unit filename="../../JuceLibraryCode/modules/juce_data_structures/undomanager/juce_UndoManager.h" />
		<Unit filename="../../JuceLibraryCode/modules/juce_data_structures/undomanager/juce_UndoableAction.h" />
		<Unit filename="../../JuceLibraryCode/modules/juce_data_structures/values/juce_Value.cpp">
			<Option compile="0" />
			<Option link="0" />
		</Unit>
		<Unit filename="../../JuceLibraryCode/modules/juce_data_structures/values/juce_Value.h" />
		<Unit filename="../../JuceLibraryCode/modules/juce_data_structures/values/juce_ValueTree.cpp">
			<Option compile="0" />
			<Option link="0" />
		</Unit>
		<Unit filename="../../JuceLibraryCode/modules/juce_data_structures/values/juce_ValueTree.h" />
		<Unit filename="../../JuceLibraryCode/modules/juce_data_structures/values/juce_ValueTreeSynchroniser.cpp">
			<Option compile="0" />
			<Option link="0" />
		</Unit>
		<Unit filename="../../JuceLibraryCode/modules/juce_data_structures/values/juce_ValueTreeSynchroniser.h" />
		<Unit filename="../../JuceLibraryCode/modules/juce_events/broadcasters/juce_ActionBroadcaster.cpp">
			<Option compile="0" />
			<Option link="0" />
		</Unit>
		<Unit filename="../../JuceLibraryCode/modules/juce_events/broadcasters/juce_ActionBroadcaster.h" />
		<Unit filename="../../JuceLibraryCode/modules/juce_events/broadcasters/juce_ActionListener.h" />
		<Unit filename="../../JuceLibraryCode/modules/juce_events/broadcasters/juce_AsyncUpdater.cpp">
			<Option compile="0" />
			<Option link="0" />
		</Unit>
		<Unit filename="../../JuceLibraryCode/modules/juce_events/broadcasters/juce_AsyncUpdater.h" />
		<Unit filename="../../JuceLibraryCode/modules/juce_events/broadcasters/juce_ChangeBroadcaster.cpp">
			<Option compile="0" />
			<Option link="0" />
		</Unit>
		<Unit filename="../../JuceLibraryCode/modules/juce_events/broadcasters/juce_ChangeBroadcaster.h" />
		<Unit filename="../../JuceLibraryCode/modules/juce_events/broadcasters/juce_ChangeListener.h" />
		<Unit filename="../../JuceLibraryCode/modules/juce_events/broadcasters/juce_ListenerList.h" />
		<Unit filename="../../JuceLibraryCode/modules/juce_events/interprocess/juce_ConnectedChildProcess.cpp">
			<Option compile="0" />
			<Option link="0" />
		</Unit>
		<Unit filename="../../JuceLibraryCode/modules/juce_events/interprocess/juce_ConnectedChildProcess.h" />
		<Unit filename="../../JuceLibraryCode/modules/juce_events/interprocess/juce_InterprocessConnection.cpp">
			<Option compile="0" />
			<Option link="0" />
		</Unit>
		<Unit filename="../../JuceLibraryCode/modules/juce_events/interprocess/juce_InterprocessConnection.h" />
		<Unit filename="../../JuceLibraryCode/modules/juce_events/interprocess/juce_InterprocessConnectionServer.cpp">
			<Option compile="0" />
			<Option link="0" />
		</Unit>
		<Unit filename="../../JuceLibraryCode/modules/juce_events/interprocess/juce_InterprocessConnectionServer.h" />
		<Unit filename="../../JuceLibraryCode/modules/juce_events/juce_events.cpp" />
		<Unit filename="../../JuceLibraryCode/modules/juce_events/juce_events.h" />
		<Unit filename="../../JuceLibraryCode/modules/juce_events/juce_module_info" />
		<Unit filename="../../JuceLibraryCode/modules/juce_events/messages/juce_ApplicationBase.cpp">
			<Option compile="0" />
			<Option link="0" />
		</Unit>
		<Unit filename="../../JuceLibraryCode/modules/juce_events/messages/juce_ApplicationBase.h" />
		<Unit filename="../../JuceLibraryCode/modules/juce_events/messages/juce_CallbackMessage.h" />
		<Unit filename="../../JuceLibraryCode/modules/juce_events/messages/juce_DeletedAtShutdown.cpp">
			<Option compile="0" />
			<Option link="0" />
		</Unit>
		<Unit filename="../../JuceLibraryCode/modules/juce_events/messages/juce_DeletedAtShutdown.h" />
		<Unit filename="../../JuceLibraryCode/modules/juce_events/messages/juce_Initialisation.h" />
		<Unit filename="../../JuceLibraryCode/modules/juce_events/messages/juce_Message.h" />
		<Unit filename="../../JuceLibraryCode/modules/juce_events/messages/juce_MessageListener.cpp">
			<Option compile="0" />
			<Option link="0" />
		</Unit>
		<Unit filename="../../JuceLibraryCode/modules/juce_events/messages/juce_MessageListener.h" />
		<Unit filename="../../JuceLibraryCode/modules/juce_events/messages/juce_MessageManager.cpp">
			<Option compile="0" />
			<Option link="0" />
		</Unit>
		<Unit filename="../../JuceLibraryCode/modules/juce_events/messages/juce_MessageManager.h" />
		<Unit filename="../../JuceLibraryCode/modules/juce_events/messages/juce_MountedVolumeListChangeDetector.h" />
		<Unit filename="../../JuceLibraryCode/modules/juce_events/messages/juce_NotificationType.h" />
		<Unit filename="../../JuceLibraryCode/modules/juce_events/native/juce_ScopedXLock.h" />
		<Unit filename="../../JuceLibraryCode/modules/juce_events/native/juce_android_Messaging.cpp">
			<Option compile="0" />
			<Option link="0" />
		</Unit>
		<Unit filename="../../JuceLibraryCode/modules/juce_events/native/juce_ios_MessageManager.mm" />
		<Unit filename="../../JuceLibraryCode/modules/juce_events/native/juce_linux_Messaging.cpp">
			<Option compile="0" />
			<Option link="0" />
		</Unit>
		<Unit filename="../../JuceLibraryCode/modules/juce_events/native/juce_mac_MessageManager.mm" />
		<Unit filename="../../JuceLibraryCode/modules/juce_events/native/juce_osx_MessageQueue.h" />
		<Unit filename="../../JuceLibraryCode/modules/juce_events/native/juce_win32_HiddenMessageWindow.h" />
		<Unit filename="../../JuceLibraryCode/modules/juce_events/native/juce_win32_Messaging.cpp">
			<Option compile="0" />
			<Option link="0" />
		</Unit>
		<Unit filename="../../JuceLibraryCode/modules/juce_events/timers/juce_MultiTimer.cpp">
			<Option compile="0" />
			<Option link="0" />
		</Unit>
		<Unit filename="../../JuceLibraryCode/modules/juce_events/timers/juce_MultiTimer.h" />
		<Unit filename="../../JuceLibraryCode/modules/juce_events/timers/juce_Timer.cpp">
			<Option compile="0" />
			<Option link="0" />
		</Unit>
		<Unit filename="../../JuceLibraryCode/modules/juce_events/timers/juce_Timer.h" />
		<Unit filename="../../JuceLibraryCode/modules/juce_graphics/colour/juce_Colour.cpp">
			<Option compile="0" />
			<Option link="0" />
		</Unit>
		<Unit filename="../../JuceLibraryCode/modules/juce_graphics/colour/juce_Colour.h" />
		<Unit filename="../../JuceLibraryCode/modules/juce_graphics/colour/juce_ColourGradient.cpp">
			<Option compile="0" />
			<Option link="0" />
		</Unit>
		<Unit filename="../../JuceLibraryCode/modules/juce_graphics/colour/juce_ColourGradient.h" />
		<Unit filename="../../JuceLibraryCode/modules/juce_graphics/colour/juce_Colours.cpp">
			<Option compile="0" />
			<Option link="0" />
		</Unit>
		<Unit filename="../../JuceLibraryCode/modules/juce_graphics/colour/juce_Colours.h" />
		<Unit filename="../../JuceLibraryCode/modules/juce_graphics/colour/juce_FillType.cpp">
			<Option compile="0" />
			<Option link="0" />
		</Unit>
		<Unit filename="../../JuceLibraryCode/modules/juce_graphics/colour/juce_FillType.h" />
		<Unit filename="../../JuceLibraryCode/modules/juce_graphics/colour/juce_PixelFormats.h" />
		<Unit filename="../../JuceLibraryCode/modules/juce_graphics/contexts/juce_GraphicsContext.cpp">
			<Option compile="0" />
			<Option link="0" />
		</Unit>
		<Unit filename="../../JuceLibraryCode/modules/juce_graphics/contexts/juce_GraphicsContext.h" />
		<Unit filename="../../JuceLibraryCode/modules/juce_graphics/contexts/juce_LowLevelGraphicsContext.h" />
		<Unit filename="../../JuceLibraryCode/modules/juce_graphics/contexts/juce_LowLevelGraphicsPostScriptRenderer.cpp">
			<Option compile="0" />
			<Option link="0" />
		</Unit>
		<Unit filename="../../JuceLibraryCode/modules/juce_graphics/contexts/juce_LowLevelGraphicsPostScriptRenderer.h" />
		<Unit filename="../../JuceLibraryCode/modules/juce_graphics/contexts/juce_LowLevelGraphicsSoftwareRenderer.cpp">
			<Option compile="0" />
			<Option link="0" />
		</Unit>
		<Unit filename="../../JuceLibraryCode/modules/juce_graphics/contexts/juce_LowLevelGraphicsSoftwareRenderer.h" />
		<Unit filename="../../JuceLibraryCode/modules/juce_graphics/effects/juce_DropShadowEffect.cpp">
			<Option compile="0" />
			<Option link="0" />
		</Unit>
		<Unit filename="../../JuceLibraryCode/modules/juce_graphics/effects/juce_DropShadowEffect.h" />
		<Unit filename="../../JuceLibraryCode/modules/juce_graphics/effects/juce_GlowEffect.cpp">
			<Option compile="0" />
			<Option link="0" />
		</Unit>
		<Unit filename="../../JuceLibraryCode/modules/juce_graphics/effects/juce_GlowEffect.h" />
		<Unit filename="../../JuceLibraryCode/modules/juce_graphics/effects/juce_ImageEffectFilter.h" />
		<Unit filename="../../JuceLibraryCode/modules/juce_graphics/fonts/juce_AttributedString.cpp">
			<Option compile="0" />
			<Option link="0" />
		</Unit>
		<Unit filename="../../JuceLibraryCode/modules/juce_graphics/fonts/juce_AttributedString.h" />
		<Unit filename="../../JuceLibraryCode/modules/juce_graphics/fonts/juce_CustomTypeface.cpp">
			<Option compile="0" />
			<Option link="0" />
		</Unit>
		<Unit filename="../../JuceLibraryCode/modules/juce_graphics/fonts/juce_CustomTypeface.h" />
		<Unit filename="../../JuceLibraryCode/modules/juce_graphics/fonts/juce_Font.cpp">
			<Option compile="0" />
			<Option link="0" />
		</Unit>
		<Unit filename="../../JuceLibraryCode/modules/juce_graphics/fonts/juce_Font.h" />
		<Unit filename="../../JuceLibraryCode/modules/juce_graphics/fonts/juce_GlyphArrangement.cpp">
			<Option compile="0" />
			<Option link="0" />
		</Unit>
		<Unit filename="../../JuceLibraryCode/modules/juce_graphics/fonts/juce_GlyphArrangement.h" />
		<Unit filename="../../JuceLibraryCode/modules/juce_graphics/fonts/juce_TextLayout.cpp">
			<Option compile="0" />
			<Option link="0" />
		</Unit>
		<Unit filename="../../JuceLibraryCode/modules/juce_graphics/fonts/juce_TextLayout.h" />
		<Unit filename="../../JuceLibraryCode/modules/juce_graphics/fonts/juce_Typeface.cpp">
			<Option compile="0" />
			<Option link="0" />
		</Unit>
		<Unit filename="../../JuceLibraryCode/modules/juce_graphics/fonts/juce_Typeface.h" />
		<Unit filename="../../JuceLibraryCode/modules/juce_graphics/geometry/juce_AffineTransform.cpp">
			<Option compile="0" />
			<Option link="0" />
		</Unit>
		<Unit filename="../../JuceLibraryCode/modules/juce_graphics/geometry/juce_AffineTransform.h" />
		<Unit filename="../../JuceLibraryCode/modules/juce_graphics/geometry/juce_BorderSize.h" />
		<Unit filename="../../JuceLibraryCode/modules/juce_graphics/geometry/juce_EdgeTable.cpp">
			<Option compile="0" />
			<Option link="0" />
		</Unit>
		<Unit filename="../../JuceLibraryCode/modules/juce_graphics/geometry/juce_EdgeTable.h" />
		<Unit filename="../../JuceLibraryCode/modules/juce_graphics/geometry/juce_Line.h" />
		<Unit filename="../../JuceLibraryCode/modules/juce_graphics/geometry/juce_Path.cpp">
			<Option compile="0" />
			<Option link="0" />
		</Unit>
		<Unit filename="../../JuceLibraryCode/modules/juce_graphics/geometry/juce_Path.h" />
		<Unit filename="../../JuceLibraryCode/modules/juce_graphics/geometry/juce_PathIterator.cpp">
			<Option compile="0" />
			<Option link="0" />
		</Unit>
		<Unit filename="../../JuceLibraryCode/modules/juce_graphics/geometry/juce_PathIterator.h" />
		<Unit filename="../../JuceLibraryCode/modules/juce_graphics/geometry/juce_PathStrokeType.cpp">
			<Option compile="0" />
			<Option link="0" />
		</Unit>
		<Unit filename="../../JuceLibraryCode/modules/juce_graphics/geometry/juce_PathStrokeType.h" />
		<Unit filename="../../JuceLibraryCode/modules/juce_graphics/geometry/juce_Point.h" />
		<Unit filename="../../JuceLibraryCode/modules/juce_graphics/geometry/juce_Rectangle.h" />
		<Unit filename="../../JuceLibraryCode/modules/juce_graphics/geometry/juce_RectangleList.h" />
		<Unit filename="../../JuceLibraryCode/modules/juce_graphics/image_formats/juce_GIFLoader.cpp">
			<Option compile="0" />
			<Option link="0" />
		</Unit>
		<Unit filename="../../JuceLibraryCode/modules/juce_graphics/image_formats/juce_JPEGLoader.cpp">
			<Option compile="0" />
			<Option link="0" />
		</Unit>
		<Unit filename="../../JuceLibraryCode/modules/juce_graphics/image_formats/juce_PNGLoader.cpp">
			<Option compile="0" />
			<Option link="0" />
		</Unit>
		<Unit filename="../../JuceLibraryCode/modules/juce_graphics/images/juce_Image.cpp">
			<Option compile="0" />
			<Option link="0" />
		</Unit>
		<Unit filename="../../JuceLibraryCode/modules/juce_graphics/images/juce_Image.h" />
		<Unit filename="../../JuceLibraryCode/modules/juce_graphics/images/juce_ImageCache.cpp">
			<Option compile="0" />
			<Option link="0" />
		</Unit>
		<Unit filename="../../JuceLibraryCode/modules/juce_graphics/images/juce_ImageCache.h" />
		<Unit filename="../../JuceLibraryCode/modules/juce_graphics/images/juce_ImageConvolutionKernel.cpp">
			<Option compile="0" />
			<Option link="0" />
		</Unit>
		<Unit filename="../../JuceLibraryCode/modules/juce_graphics/images/juce_ImageConvolutionKernel.h" />
		<Unit filename="../../JuceLibraryCode/modules/juce_graphics/images/juce_ImageFileFormat.cpp">
			<Option compile="0" />
			<Option link="0" />
		</Unit>
		<Unit filename="../../JuceLibraryCode/modules/juce_graphics/images/juce_ImageFileFormat.h" />
		<Unit filename="../../JuceLibraryCode/modules/juce_graphics/juce_graphics.cpp" />
		<Unit filename="../../JuceLibraryCode/modules/juce_graphics/juce_graphics.h" />
		<Unit filename="../../JuceLibraryCode/modules/juce_graphics/juce_module_info" />
		<Unit filename="../../JuceLibraryCode/modules/juce_graphics/native/juce_RenderingHelpers.h" />
		<Unit filename="../../JuceLibraryCode/modules/juce_graphics/native/juce_android_Fonts.cpp">
			<Option compile="0" />
			<Option link="0" />
		</Unit>
		<Unit filename="../../JuceLibraryCode/modules/juce_graphics/native/juce_android_GraphicsContext.cpp">
			<Option compile="0" />
			<Option link="0" />
		</Unit>
		<Unit filename="../../JuceLibraryCode/modules/juce_graphics/native/juce_freetype_Fonts.cpp">
			<Option compile="0" />
			<Option link="0" />
		</Unit>
		<Unit filename="../../JuceLibraryCode/modules/juce_graphics/native/juce_linux_Fonts.cpp">
			<Option compile="0" />
			<Option link="0" />
		</Unit>
		<Unit filename="../../JuceLibraryCode/modules/juce_graphics/native/juce_mac_CoreGraphicsContext.h" />
		<Unit filename="../../JuceLibraryCode/modules/juce_graphics/native/juce_mac_CoreGraphicsContext.mm" />
		<Unit filename="../../JuceLibraryCode/modules/juce_graphics/native/juce_mac_CoreGraphicsHelpers.h" />
		<Unit filename="../../JuceLibraryCode/modules/juce_graphics/native/juce_mac_Fonts.mm" />
		<Unit filename="../../JuceLibraryCode/modules/juce_graphics/native/juce_win32_Direct2DGraphicsContext.cpp">
			<Option compile="0" />
			<Option link="0" />
		</Unit>
		<Unit filename="../../JuceLibraryCode/modules/juce_graphics/native/juce_win32_DirectWriteTypeLayout.cpp">
			<Option compile="0" />
			<Option link="0" />
		</Unit>
		<Unit filename="../../JuceLibraryCode/modules/juce_graphics/native/juce_win32_DirectWriteTypeface.cpp">
			<Option compile="0" />
			<Option link="0" />
		</Unit>
		<Unit filename="../../JuceLibraryCode/modules/juce_graphics/native/juce_win32_Fonts.cpp">
			<Option compile="0" />
			<Option link="0" />
		</Unit>
		<Unit filename="../../JuceLibraryCode/modules/juce_graphics/placement/juce_Justification.h" />
		<Unit filename="../../JuceLibraryCode/modules/juce_graphics/placement/juce_RectanglePlacement.cpp">
			<Option compile="0" />
			<Option link="0" />
		</Unit>
		<Unit filename="../../JuceLibraryCode/modules/juce_graphics/placement/juce_RectanglePlacement.h" />
		<Unit filename="../../JuceLibraryCode/modules/juce_gui_basics/application/juce_Application.cpp">
			<Option compile="0" />
			<Option link="0" />
		</Unit>
		<Unit filename="../../JuceLibraryCode/modules/juce_gui_basics/application/juce_Application.h" />
		<Unit filename="../../JuceLibraryCode/modules/juce_gui_basics/buttons/juce_ArrowButton.cpp">
			<Option compile="0" />
			<Option link="0" />
		</Unit>
		<Unit filename="../../JuceLibraryCode/modules/juce_gui_basics/buttons/juce_ArrowButton.h" />
		<Unit filename="../../JuceLibraryCode/modules/juce_gui_basics/buttons/juce_Button.cpp">
			<Option compile="0" />
			<Option link="0" />
		</Unit>
		<Unit filename="../../JuceLibraryCode/modules/juce_gui_basics/buttons/juce_Button.h" />
		<Unit filename="../../JuceLibraryCode/modules/juce_gui_basics/buttons/juce_DrawableButton.cpp">
			<Option compile="0" />
			<Option link="0" />
		</Unit>
		<Unit filename="../../JuceLibraryCode/modules/juce_gui_basics/buttons/juce_DrawableButton.h" />
		<Unit filename="../../JuceLibraryCode/modules/juce_gui_basics/buttons/juce_HyperlinkButton.cpp">
			<Option compile="0" />
			<Option link="0" />
		</Unit>
		<Unit filename="../../JuceLibraryCode/modules/juce_gui_basics/buttons/juce_HyperlinkButton.h" />
		<Unit filename="../../JuceLibraryCode/modules/juce_gui_basics/buttons/juce_ImageButton.cpp">
			<Option compile="0" />
			<Option link="0" />
		</Unit>
		<Unit filename="../../JuceLibraryCode/modules/juce_gui_basics/buttons/juce_ImageButton.h" />
		<Unit filename="../../JuceLibraryCode/modules/juce_gui_basics/buttons/juce_ShapeButton.cpp">
			<Option compile="0" />
			<Option link="0" />
		</Unit>
		<Unit filename="../../JuceLibraryCode/modules/juce_gui_basics/buttons/juce_ShapeButton.h" />
		<Unit filename="../../JuceLibraryCode/modules/juce_gui_basics/buttons/juce_TextButton.cpp">
			<Option compile="0" />
			<Option link="0" />
		</Unit>
		<Unit filename="../../JuceLibraryCode/modules/juce_gui_basics/buttons/juce_TextButton.h" />
		<Unit filename="../../JuceLibraryCode/modules/juce_gui_basics/buttons/juce_ToggleButton.cpp">
			<Option compile="0" />
			<Option link="0" />
		</Unit>
		<Unit filename="../../JuceLibraryCode/modules/juce_gui_basics/buttons/juce_ToggleButton.h" />
		<Unit filename="../../JuceLibraryCode/modules/juce_gui_basics/buttons/juce_ToolbarButton.cpp">
			<Option compile="0" />
			<Option link="0" />
		</Unit>
		<Unit filename="../../JuceLibraryCode/modules/juce_gui_basics/buttons/juce_ToolbarButton.h" />
		<Unit filename="../../JuceLibraryCode/modules/juce_gui_basics/commands/juce_ApplicationCommandID.h" />
		<Unit filename="../../JuceLibraryCode/modules/juce_gui_basics/commands/juce_ApplicationCommandInfo.cpp">
			<Option compile="0" />
			<Option link="0" />
		</Unit>
		<Unit filename="../../JuceLibraryCode/modules/juce_gui_basics/commands/juce_ApplicationCommandInfo.h" />
		<Unit filename="../../JuceLibraryCode/modules/juce_gui_basics/commands/juce_ApplicationCommandManager.cpp">
			<Option compile="0" />
			<Option link="0" />
		</Unit>
		<Unit filename="../../JuceLibraryCode/modules/juce_gui_basics/commands/juce_ApplicationCommandManager.h" />
		<Unit filename="../../JuceLibraryCode/modules/juce_gui_basics/commands/juce_ApplicationCommandTarget.cpp">
			<Option compile="0" />
			<Option link="0" />
		</Unit>
		<Unit filename="../../JuceLibraryCode/modules/juce_gui_basics/commands/juce_ApplicationCommandTarget.h" />
		<Unit filename="../../JuceLibraryCode/modules/juce_gui_basics/commands/juce_KeyPressMappingSet.cpp">
			<Option compile="0" />
			<Option link="0" />
		</Unit>
		<Unit filename="../../JuceLibraryCode/modules/juce_gui_basics/commands/juce_KeyPressMappingSet.h" />
		<Unit filename="../../JuceLibraryCode/modules/juce_gui_basics/components/juce_CachedComponentImage.h" />
		<Unit filename="../../JuceLibraryCode/modules/juce_gui_basics/components/juce_Component.cpp">
			<Option compile="0" />
			<Option link="0" />
		</Unit>
		<Unit filename="../../JuceLibraryCode/modules/juce_gui_basics/components/juce_Component.h" />
		<Unit filename="../../JuceLibraryCode/modules/juce_gui_basics/components/juce_ComponentListener.cpp">
			<Option compile="0" />
			<Option link="0" />
		</Unit>
		<Unit filename="../../JuceLibraryCode/modules/juce_gui_basics/components/juce_ComponentListener.h" />
		<Unit filename="../../JuceLibraryCode/modules/juce_gui_basics/components/juce_Desktop.cpp">
			<Option compile="0" />
			<Option link="0" />
		</Unit>
		<Unit filename="../../JuceLibraryCode/modules/juce_gui_basics/components/juce_Desktop.h" />
		<Unit filename="../../JuceLibraryCode/modules/juce_gui_basics/components/juce_ModalComponentManager.cpp">
			<Option compile="0" />
			<Option link="0" />
		</Unit>
		<Unit filename="../../JuceLibraryCode/modules/juce_gui_basics/components/juce_ModalComponentManager.h" />
		<Unit filename="../../JuceLibraryCode/modules/juce_gui_basics/drawables/juce_Drawable.cpp">
			<Option compile="0" />
			<Option link="0" />
		</Unit>
		<Unit filename="../../JuceLibraryCode/modules/juce_gui_basics/drawables/juce_Drawable.h" />
		<Unit filename="../../JuceLibraryCode/modules/juce_gui_basics/drawables/juce_DrawableComposite.cpp">
			<Option compile="0" />
			<Option link="0" />
		</Unit>
		<Unit filename="../../JuceLibraryCode/modules/juce_gui_basics/drawables/juce_DrawableComposite.h" />
		<Unit filename="../../JuceLibraryCode/modules/juce_gui_basics/drawables/juce_DrawableImage.cpp">
			<Option compile="0" />
			<Option link="0" />
		</Unit>
		<Unit filename="../../JuceLibraryCode/modules/juce_gui_basics/drawables/juce_DrawableImage.h" />
		<Unit filename="../../JuceLibraryCode/modules/juce_gui_basics/drawables/juce_DrawablePath.cpp">
			<Option compile="0" />
			<Option link="0" />
		</Unit>
		<Unit filename="../../JuceLibraryCode/modules/juce_gui_basics/drawables/juce_DrawablePath.h" />
		<Unit filename="../../JuceLibraryCode/modules/juce_gui_basics/drawables/juce_DrawableRectangle.cpp">
			<Option compile="0" />
			<Option link="0" />
		</Unit>
		<Unit filename="../../JuceLibraryCode/modules/juce_gui_basics/drawables/juce_DrawableRectangle.h" />
		<Unit filename="../../JuceLibraryCode/modules/juce_gui_basics/drawables/juce_DrawableShape.cpp">
			<Option compile="0" />
			<Option link="0" />
		</Unit>
		<Unit filename="../../JuceLibraryCode/modules/juce_gui_basics/drawables/juce_DrawableShape.h" />
		<Unit filename="../../JuceLibraryCode/modules/juce_gui_basics/drawables/juce_DrawableText.cpp">
			<Option compile="0" />
			<Option link="0" />
		</Unit>
		<Unit filename="../../JuceLibraryCode/modules/juce_gui_basics/drawables/juce_DrawableText.h" />
		<Unit filename="../../JuceLibraryCode/modules/juce_gui_basics/drawables/juce_SVGParser.cpp">
			<Option compile="0" />
			<Option link="0" />
		</Unit>
		<Unit filename="../../JuceLibraryCode/modules/juce_gui_basics/filebrowser/juce_DirectoryContentsDisplayComponent.cpp">
			<Option compile="0" />
			<Option link="0" />
		</Unit>
		<Unit filename="../../JuceLibraryCode/modules/juce_gui_basics/filebrowser/juce_DirectoryContentsDisplayComponent.h" />
		<Unit filename="../../JuceLibraryCode/modules/juce_gui_basics/filebrowser/juce_DirectoryContentsList.cpp">
			<Option compile="0" />
			<Option link="0" />
		</Unit>
		<Unit filename="../../JuceLibraryCode/modules/juce_gui_basics/filebrowser/juce_DirectoryContentsList.h" />
		<Unit filename="../../JuceLibraryCode/modules/juce_gui_basics/filebrowser/juce_FileBrowserComponent.cpp">
			<Option compile="0" />
			<Option link="0" />
		</Unit>
		<Unit filename="../../JuceLibraryCode/modules/juce_gui_basics/filebrowser/juce_FileBrowserComponent.h" />
		<Unit filename="../../JuceLibraryCode/modules/juce_gui_basics/filebrowser/juce_FileBrowserListener.h" />
		<Unit filename="../../JuceLibraryCode/modules/juce_gui_basics/filebrowser/juce_FileChooser.cpp">
			<Option compile="0" />
			<Option link="0" />
		</Unit>
		<Unit filename="../../JuceLibraryCode/modules/juce_gui_basics/filebrowser/juce_FileChooser.h" />
		<Unit filename="../../JuceLibraryCode/modules/juce_gui_basics/filebrowser/juce_FileChooserDialogBox.cpp">
			<Option compile="0" />
			<Option link="0" />
		</Unit>
		<Unit filename="../../JuceLibraryCode/modules/juce_gui_basics/filebrowser/juce_FileChooserDialogBox.h" />
		<Unit filename="../../JuceLibraryCode/modules/juce_gui_basics/filebrowser/juce_FileListComponent.cpp">
			<Option compile="0" />
			<Option link="0" />
		</Unit>
		<Unit filename="../../JuceLibraryCode/modules/juce_gui_basics/filebrowser/juce_FileListComponent.h" />
		<Unit filename="../../JuceLibraryCode/modules/juce_gui_basics/filebrowser/juce_FilePreviewComponent.h" />
		<Unit filename="../../JuceLibraryCode/modules/juce_gui_basics/filebrowser/juce_FileSearchPathListComponent.cpp">
			<Option compile="0" />
			<Option link="0" />
		</Unit>
		<Unit filename="../../JuceLibraryCode/modules/juce_gui_basics/filebrowser/juce_FileSearchPathListComponent.h" />
		<Unit filename="../../JuceLibraryCode/modules/juce_gui_basics/filebrowser/juce_FileTreeComponent.cpp">
			<Option compile="0" />
			<Option link="0" />
		</Unit>
		<Unit filename="../../JuceLibraryCode/modules/juce_gui_basics/filebrowser/juce_FileTreeComponent.h" />
		<Unit filename="../../JuceLibraryCode/modules/juce_gui_basics/filebrowser/juce_FilenameComponent.cpp">
			<Option compile="0" />
			<Option link="0" />
		</Unit>
		<Unit filename="../../JuceLibraryCode/modules/juce_gui_basics/filebrowser/juce_FilenameComponent.h" />
		<Unit filename="../../JuceLibraryCode/modules/juce_gui_basics/filebrowser/juce_ImagePreviewComponent.cpp">
			<Option compile="0" />
			<Option link="0" />
		</Unit>
		<Unit filename="../../JuceLibraryCode/modules/juce_gui_basics/filebrowser/juce_ImagePreviewComponent.h" />
		<Unit filename="../../JuceLibraryCode/modules/juce_gui_basics/juce_gui_basics.cpp" />
		<Unit filename="../../JuceLibraryCode/modules/juce_gui_basics/juce_gui_basics.h" />
		<Unit filename="../../JuceLibraryCode/modules/juce_gui_basics/juce_module_info" />
		<Unit filename="../../JuceLibraryCode/modules/juce_gui_basics/keyboard/juce_CaretComponent.cpp">
			<Option compile="0" />
			<Option link="0" />
		</Unit>
		<Unit filename="../../JuceLibraryCode/modules/juce_gui_basics/keyboard/juce_CaretComponent.h" />
		<Unit filename="../../JuceLibraryCode/modules/juce_gui_basics/keyboard/juce_KeyListener.cpp">
			<Option compile="0" />
			<Option link="0" />
		</Unit>
		<Unit filename="../../JuceLibraryCode/modules/juce_gui_basics/keyboard/juce_KeyListener.h" />
		<Unit filename="../../JuceLibraryCode/modules/juce_gui_basics/keyboard/juce_KeyPress.cpp">
			<Option compile="0" />
			<Option link="0" />
		</Unit>
		<Unit filename="../../JuceLibraryCode/modules/juce_gui_basics/keyboard/juce_KeyPress.h" />
		<Unit filename="../../JuceLibraryCode/modules/juce_gui_basics/keyboard/juce_KeyboardFocusTraverser.cpp">
			<Option compile="0" />
			<Option link="0" />
		</Unit>
		<Unit filename="../../JuceLibraryCode/modules/juce_gui_basics/keyboard/juce_KeyboardFocusTraverser.h" />
		<Unit filename="../../JuceLibraryCode/modules/juce_gui_basics/keyboard/juce_ModifierKeys.cpp">
			<Option compile="0" />
			<Option link="0" />
		</Unit>
		<Unit filename="../../JuceLibraryCode/modules/juce_gui_basics/keyboard/juce_ModifierKeys.h" />
		<Unit filename="../../JuceLibraryCode/modules/juce_gui_basics/keyboard/juce_SystemClipboard.h" />
		<Unit filename="../../JuceLibraryCode/modules/juce_gui_basics/keyboard/juce_TextEditorKeyMapper.h" />
		<Unit filename="../../JuceLibraryCode/modules/juce_gui_basics/keyboard/juce_TextInputTarget.h" />
		<Unit filename="../../JuceLibraryCode/modules/juce_gui_basics/layout/juce_AnimatedPosition.h" />
		<Unit filename="../../JuceLibraryCode/modules/juce_gui_basics/layout/juce_AnimatedPositionBehaviours.h" />
		<Unit filename="../../JuceLibraryCode/modules/juce_gui_basics/layout/juce_ComponentAnimator.cpp">
			<Option compile="0" />
			<Option link="0" />
		</Unit>
		<Unit filename="../../JuceLibraryCode/modules/juce_gui_basics/layout/juce_ComponentAnimator.h" />
		<Unit filename="../../JuceLibraryCode/modules/juce_gui_basics/layout/juce_ComponentBoundsConstrainer.cpp">
			<Option compile="0" />
			<Option link="0" />
		</Unit>
		<Unit filename="../../JuceLibraryCode/modules/juce_gui_basics/layout/juce_ComponentBoundsConstrainer.h" />
		<Unit filename="../../JuceLibraryCode/modules/juce_gui_basics/layout/juce_ComponentBuilder.cpp">
			<Option compile="0" />
			<Option link="0" />
		</Unit>
		<Unit filename="../../JuceLibraryCode/modules/juce_gui_basics/layout/juce_ComponentBuilder.h" />
		<Unit filename="../../JuceLibraryCode/modules/juce_gui_basics/layout/juce_ComponentMovementWatcher.cpp">
			<Option compile="0" />
			<Option link="0" />
		</Unit>
		<Unit filename="../../JuceLibraryCode/modules/juce_gui_basics/layout/juce_ComponentMovementWatcher.h" />
		<Unit filename="../../JuceLibraryCode/modules/juce_gui_basics/layout/juce_ConcertinaPanel.cpp">
			<Option compile="0" />
			<Option link="0" />
		</Unit>
		<Unit filename="../../JuceLibraryCode/modules/juce_gui_basics/layout/juce_ConcertinaPanel.h" />
		<Unit filename="../../JuceLibraryCode/modules/juce_gui_basics/layout/juce_GroupComponent.cpp">
			<Option compile="0" />
			<Option link="0" />
		</Unit>
		<Unit filename="../../JuceLibraryCode/modules/juce_gui_basics/layout/juce_GroupComponent.h" />
		<Unit filename="../../JuceLibraryCode/modules/juce_gui_basics/layout/juce_MultiDocumentPanel.cpp">
			<Option compile="0" />
			<Option link="0" />
		</Unit>
		<Unit filename="../../JuceLibraryCode/modules/juce_gui_basics/layout/juce_MultiDocumentPanel.h" />
		<Unit filename="../../JuceLibraryCode/modules/juce_gui_basics/layout/juce_ResizableBorderComponent.cpp">
			<Option compile="0" />
			<Option link="0" />
		</Unit>
		<Unit filename="../../JuceLibraryCode/modules/juce_gui_basics/layout/juce_ResizableBorderComponent.h" />
		<Unit filename="../../JuceLibraryCode/modules/juce_gui_basics/layout/juce_ResizableCornerComponent.cpp">
			<Option compile="0" />
			<Option link="0" />
		</Unit>
		<Unit filename="../../JuceLibraryCode/modules/juce_gui_basics/layout/juce_ResizableCornerComponent.h" />
		<Unit filename="../../JuceLibraryCode/modules/juce_gui_basics/layout/juce_ResizableEdgeComponent.cpp">
			<Option compile="0" />
			<Option link="0" />
		</Unit>
		<Unit filename="../../JuceLibraryCode/modules/juce_gui_basics/layout/juce_ResizableEdgeComponent.h" />
		<Unit filename="../../JuceLibraryCode/modules/juce_gui_basics/layout/juce_ScrollBar.cpp">
			<Option compile="0" />
			<Option link="0" />
		</Unit>
		<Unit filename="../../JuceLibraryCode/modules/juce_gui_basics/layout/juce_ScrollBar.h" />
		<Unit filename="../../JuceLibraryCode/modules/juce_gui_basics/layout/juce_StretchableLayoutManager.cpp">
			<Option compile="0" />
			<Option link="0" />
		</Unit>
		<Unit filename="../../JuceLibraryCode/modules/juce_gui_basics/layout/juce_StretchableLayoutManager.h" />
		<Unit filename="../../JuceLibraryCode/modules/juce_gui_basics/layout/juce_StretchableLayoutResizerBar.cpp">
			<Option compile="0" />
			<Option link="0" />
		</Unit>
		<Unit filename="../../JuceLibraryCode/modules/juce_gui_basics/layout/juce_StretchableLayoutResizerBar.h" />
		<Unit filename="../../JuceLibraryCode/modules/juce_gui_basics/layout/juce_StretchableObjectResizer.cpp">
			<Option compile="0" />
			<Option link="0" />
		</Unit>
		<Unit filename="../../JuceLibraryCode/modules/juce_gui_basics/layout/juce_StretchableObjectResizer.h" />
		<Unit filename="../../JuceLibraryCode/modules/juce_gui_basics/layout/juce_TabbedButtonBar.cpp">
			<Option compile="0" />
			<Option link="0" />
		</Unit>
		<Unit filename="../../JuceLibraryCode/modules/juce_gui_basics/layout/juce_TabbedButtonBar.h" />
		<Unit filename="../../JuceLibraryCode/modules/juce_gui_basics/layout/juce_TabbedComponent.cpp">
			<Option compile="0" />
			<Option link="0" />
		</Unit>
		<Unit filename="../../JuceLibraryCode/modules/juce_gui_basics/layout/juce_TabbedComponent.h" />
		<Unit filename="../../JuceLibraryCode/modules/juce_gui_basics/layout/juce_Viewport.cpp">
			<Option compile="0" />
			<Option link="0" />
		</Unit>
		<Unit filename="../../JuceLibraryCode/modules/juce_gui_basics/layout/juce_Viewport.h" />
		<Unit filename="../../JuceLibraryCode/modules/juce_gui_basics/lookandfeel/juce_LookAndFeel.cpp">
			<Option compile="0" />
			<Option link="0" />
		</Unit>
		<Unit filename="../../JuceLibraryCode/modules/juce_gui_basics/lookandfeel/juce_LookAndFeel.h" />
		<Unit filename="../../JuceLibraryCode/modules/juce_gui_basics/lookandfeel/juce_LookAndFeel_V1.cpp">
			<Option compile="0" />
			<Option link="0" />
		</Unit>
		<Unit filename="../../JuceLibraryCode/modules/juce_gui_basics/lookandfeel/juce_LookAndFeel_V1.h" />
		<Unit filename="../../JuceLibraryCode/modules/juce_gui_basics/lookandfeel/juce_LookAndFeel_V2.cpp">
			<Option compile="0" />
			<Option link="0" />
		</Unit>
		<Unit filename="../../JuceLibraryCode/modules/juce_gui_basics/lookandfeel/juce_LookAndFeel_V2.h" />
		<Unit filename="../../JuceLibraryCode/modules/juce_gui_basics/lookandfeel/juce_LookAndFeel_V3.cpp">
			<Option compile="0" />
			<Option link="0" />
		</Unit>
		<Unit filename="../../JuceLibraryCode/modules/juce_gui_basics/lookandfeel/juce_LookAndFeel_V3.h" />
		<Unit filename="../../JuceLibraryCode/modules/juce_gui_basics/menus/juce_MenuBarComponent.cpp">
			<Option compile="0" />
			<Option link="0" />
		</Unit>
		<Unit filename="../../JuceLibraryCode/modules/juce_gui_basics/menus/juce_MenuBarComponent.h" />
		<Unit filename="../../JuceLibraryCode/modules/juce_gui_basics/menus/juce_MenuBarModel.cpp">
			<Option compile="0" />
			<Option link="0" />
		</Unit>
		<Unit filename="../../JuceLibraryCode/modules/juce_gui_basics/menus/juce_MenuBarModel.h" />
		<Unit filename="../../JuceLibraryCode/modules/juce_gui_basics/menus/juce_PopupMenu.cpp">
			<Option compile="0" />
			<Option link="0" />
		</Unit>
		<Unit filename="../../JuceLibraryCode/modules/juce_gui_basics/menus/juce_PopupMenu.h" />
		<Unit filename="../../JuceLibraryCode/modules/juce_gui_basics/misc/juce_BubbleComponent.cpp">
			<Option compile="0" />
			<Option link="0" />
		</Unit>
		<Unit filename="../../JuceLibraryCode/modules/juce_gui_basics/misc/juce_BubbleComponent.h" />
		<Unit filename="../../JuceLibraryCode/modules/juce_gui_basics/misc/juce_DropShadower.cpp">
			<Option compile="0" />
			<Option link="0" />
		</Unit>
		<Unit filename="../../JuceLibraryCode/modules/juce_gui_basics/misc/juce_DropShadower.h" />
		<Unit filename="../../JuceLibraryCode/modules/juce_gui_basics/mouse/juce_ComponentDragger.cpp">
			<Option compile="0" />
			<Option link="0" />
		</Unit>
		<Unit filename="../../JuceLibraryCode/modules/juce_gui_basics/mouse/juce_ComponentDragger.h" />
		<Unit filename="../../JuceLibraryCode/modules/juce_gui_basics/mouse/juce_DragAndDropContainer.cpp">
			<Option compile="0" />
			<Option link="0" />
		</Unit>
		<Unit filename="../../JuceLibraryCode/modules/juce_gui_basics/mouse/juce_DragAndDropContainer.h" />
		<Unit filename="../../JuceLibraryCode/modules/juce_gui_basics/mouse/juce_DragAndDropTarget.h" />
		<Unit filename="../../JuceLibraryCode/modules/juce_gui_basics/mouse/juce_FileDragAndDropTarget.h" />
		<Unit filename="../../JuceLibraryCode/modules/juce_gui_basics/mouse/juce_LassoComponent.h" />
		<Unit filename="../../JuceLibraryCode/modules/juce_gui_basics/mouse/juce_MouseCursor.cpp">
			<Option compile="0" />
			<Option link="0" />
		</Unit>
		<Unit filename="../../JuceLibraryCode/modules/juce_gui_basics/mouse/juce_MouseCursor.h" />
		<Unit filename="../../JuceLibraryCode/modules/juce_gui_basics/mouse/juce_MouseEvent.cpp">
			<Option compile="0" />
			<Option link="0" />
		</Unit>
		<Unit filename="../../JuceLibraryCode/modules/juce_gui_basics/mouse/juce_MouseEvent.h" />
		<Unit filename="../../JuceLibraryCode/modules/juce_gui_basics/mouse/juce_MouseInactivityDetector.cpp">
			<Option compile="0" />
			<Option link="0" />
		</Unit>
		<Unit filename="../../JuceLibraryCode/modules/juce_gui_basics/mouse/juce_MouseInactivityDetector.h" />
		<Unit filename="../../JuceLibraryCode/modules/juce_gui_basics/mouse/juce_MouseInputSource.cpp">
			<Option compile="0" />
			<Option link="0" />
		</Unit>
		<Unit filename="../../JuceLibraryCode/modules/juce_gui_basics/mouse/juce_MouseInputSource.h" />
		<Unit filename="../../JuceLibraryCode/modules/juce_gui_basics/mouse/juce_MouseListener.cpp">
			<Option compile="0" />
			<Option link="0" />
		</Unit>
		<Unit filename="../../JuceLibraryCode/modules/juce_gui_basics/mouse/juce_MouseListener.h" />
		<Unit filename="../../JuceLibraryCode/modules/juce_gui_basics/mouse/juce_SelectedItemSet.h" />
		<Unit filename="../../JuceLibraryCode/modules/juce_gui_basics/mouse/juce_TextDragAndDropTarget.h" />
		<Unit filename="../../JuceLibraryCode/modules/juce_gui_basics/mouse/juce_TooltipClient.h" />
		<Unit filename="../../JuceLibraryCode/modules/juce_gui_basics/native/juce_MultiTouchMapper.h" />
		<Unit filename="../../JuceLibraryCode/modules/juce_gui_basics/native/juce_android_FileChooser.cpp">
			<Option compile="0" />
			<Option link="0" />
		</Unit>
		<Unit filename="../../JuceLibraryCode/modules/juce_gui_basics/native/juce_android_Windowing.cpp">
			<Option compile="0" />
			<Option link="0" />
		</Unit>
		<Unit filename="../../JuceLibraryCode/modules/juce_gui_basics/native/juce_ios_UIViewComponentPeer.mm" />
		<Unit filename="../../JuceLibraryCode/modules/juce_gui_basics/native/juce_ios_Windowing.mm" />
		<Unit filename="../../JuceLibraryCode/modules/juce_gui_basics/native/juce_linux_Clipboard.cpp">
			<Option compile="0" />
			<Option link="0" />
		</Unit>
		<Unit filename="../../JuceLibraryCode/modules/juce_gui_basics/native/juce_linux_FileChooser.cpp">
			<Option compile="0" />
			<Option link="0" />
		</Unit>
		<Unit filename="../../JuceLibraryCode/modules/juce_gui_basics/native/juce_linux_Windowing.cpp">
			<Option compile="0" />
			<Option link="0" />
		</Unit>
		<Unit filename="../../JuceLibraryCode/modules/juce_gui_basics/native/juce_mac_FileChooser.mm" />
		<Unit filename="../../JuceLibraryCode/modules/juce_gui_basics/native/juce_mac_MainMenu.mm" />
		<Unit filename="../../JuceLibraryCode/modules/juce_gui_basics/native/juce_mac_MouseCursor.mm" />
		<Unit filename="../../JuceLibraryCode/modules/juce_gui_basics/native/juce_mac_NSViewComponentPeer.mm" />
		<Unit filename="../../JuceLibraryCode/modules/juce_gui_basics/native/juce_mac_Windowing.mm" />
		<Unit filename="../../JuceLibraryCode/modules/juce_gui_basics/native/juce_win32_DragAndDrop.cpp">
			<Option compile="0" />
			<Option link="0" />
		</Unit>
		<Unit filename="../../JuceLibraryCode/modules/juce_gui_basics/native/juce_win32_FileChooser.cpp">
			<Option compile="0" />
			<Option link="0" />
		</Unit>
		<Unit filename="../../JuceLibraryCode/modules/juce_gui_basics/native/juce_win32_Windowing.cpp">
			<Option compile="0" />
			<Option link="0" />
		</Unit>
		<Unit filename="../../JuceLibraryCode/modules/juce_gui_basics/positioning/juce_MarkerList.cpp">
			<Option compile="0" />
			<Option link="0" />
		</Unit>
		<Unit filename="../../JuceLibraryCode/modules/juce_gui_basics/positioning/juce_MarkerList.h" />
		<Unit filename="../../JuceLibraryCode/modules/juce_gui_basics/positioning/juce_RelativeCoordinate.cpp">
			<Option compile="0" />
			<Option link="0" />
		</Unit>
		<Unit filename="../../JuceLibraryCode/modules/juce_gui_basics/positioning/juce_RelativeCoordinate.h" />
		<Unit filename="../../JuceLibraryCode/modules/juce_gui_basics/positioning/juce_RelativeCoordinatePositioner.cpp">
			<Option compile="0" />
			<Option link="0" />
		</Unit>
		<Unit filename="../../JuceLibraryCode/modules/juce_gui_basics/positioning/juce_RelativeCoordinatePositioner.h" />
		<Unit filename="../../JuceLibraryCode/modules/juce_gui_basics/positioning/juce_RelativeParallelogram.cpp">
			<Option compile="0" />
			<Option link="0" />
		</Unit>
		<Unit filename="../../JuceLibraryCode/modules/juce_gui_basics/positioning/juce_RelativeParallelogram.h" />
		<Unit filename="../../JuceLibraryCode/modules/juce_gui_basics/positioning/juce_RelativePoint.cpp">
			<Option compile="0" />
			<Option link="0" />
		</Unit>
		<Unit filename="../../JuceLibraryCode/modules/juce_gui_basics/positioning/juce_RelativePoint.h" />
		<Unit filename="../../JuceLibraryCode/modules/juce_gui_basics/positioning/juce_RelativePointPath.cpp">
			<Option compile="0" />
			<Option link="0" />
		</Unit>
		<Unit filename="../../JuceLibraryCode/modules/juce_gui_basics/positioning/juce_RelativePointPath.h" />
		<Unit filename="../../JuceLibraryCode/modules/juce_gui_basics/positioning/juce_RelativeRectangle.cpp">
			<Option compile="0" />
			<Option link="0" />
		</Unit>
		<Unit filename="../../JuceLibraryCode/modules/juce_gui_basics/positioning/juce_RelativeRectangle.h" />
		<Unit filename="../../JuceLibraryCode/modules/juce_gui_basics/properties/juce_BooleanPropertyComponent.cpp">
			<Option compile="0" />
			<Option link="0" />
		</Unit>
		<Unit filename="../../JuceLibraryCode/modules/juce_gui_basics/properties/juce_BooleanPropertyComponent.h" />
		<Unit filename="../../JuceLibraryCode/modules/juce_gui_basics/properties/juce_ButtonPropertyComponent.cpp">
			<Option compile="0" />
			<Option link="0" />
		</Unit>
		<Unit filename="../../JuceLibraryCode/modules/juce_gui_basics/properties/juce_ButtonPropertyComponent.h" />
		<Unit filename="../../JuceLibraryCode/modules/juce_gui_basics/properties/juce_ChoicePropertyComponent.cpp">
			<Option compile="0" />
			<Option link="0" />
		</Unit>
		<Unit filename="../../JuceLibraryCode/modules/juce_gui_basics/properties/juce_ChoicePropertyComponent.h" />
		<Unit filename="../../JuceLibraryCode/modules/juce_gui_basics/properties/juce_PropertyComponent.cpp">
			<Option compile="0" />
			<Option link="0" />
		</Unit>
		<Unit filename="../../JuceLibraryCode/modules/juce_gui_basics/properties/juce_PropertyComponent.h" />
		<Unit filename="../../JuceLibraryCode/modules/juce_gui_basics/properties/juce_PropertyPanel.cpp">
			<Option compile="0" />
			<Option link="0" />
		</Unit>
		<Unit filename="../../JuceLibraryCode/modules/juce_gui_basics/properties/juce_PropertyPanel.h" />
		<Unit filename="../../JuceLibraryCode/modules/juce_gui_basics/properties/juce_SliderPropertyComponent.cpp">
			<Option compile="0" />
			<Option link="0" />
		</Unit>
		<Unit filename="../../JuceLibraryCode/modules/juce_gui_basics/properties/juce_SliderPropertyComponent.h" />
		<Unit filename="../../JuceLibraryCode/modules/juce_gui_basics/properties/juce_TextPropertyComponent.cpp">
			<Option compile="0" />
			<Option link="0" />
		</Unit>
		<Unit filename="../../JuceLibraryCode/modules/juce_gui_basics/properties/juce_TextPropertyComponent.h" />
		<Unit filename="../../JuceLibraryCode/modules/juce_gui_basics/widgets/juce_ComboBox.cpp">
			<Option compile="0" />
			<Option link="0" />
		</Unit>
		<Unit filename="../../JuceLibraryCode/modules/juce_gui_basics/widgets/juce_ComboBox.h" />
		<Unit filename="../../JuceLibraryCode/modules/juce_gui_basics/widgets/juce_ImageComponent.cpp">
			<Option compile="0" />
			<Option link="0" />
		</Unit>
		<Unit filename="../../JuceLibraryCode/modules/juce_gui_basics/widgets/juce_ImageComponent.h" />
		<Unit filename="../../JuceLibraryCode/modules/juce_gui_basics/widgets/juce_Label.cpp">
			<Option compile="0" />
			<Option link="0" />
		</Unit>
		<Unit filename="../../JuceLibraryCode/modules/juce_gui_basics/widgets/juce_Label.h" />
		<Unit filename="../../JuceLibraryCode/modules/juce_gui_basics/widgets/juce_ListBox.cpp">
			<Option compile="0" />
			<Option link="0" />
		</Unit>
		<Unit filename="../../JuceLibraryCode/modules/juce_gui_basics/widgets/juce_ListBox.h" />
		<Unit filename="../../JuceLibraryCode/modules/juce_gui_basics/widgets/juce_ProgressBar.cpp">
			<Option compile="0" />
			<Option link="0" />
		</Unit>
		<Unit filename="../../JuceLibraryCode/modules/juce_gui_basics/widgets/juce_ProgressBar.h" />
		<Unit filename="../../JuceLibraryCode/modules/juce_gui_basics/widgets/juce_Slider.cpp">
			<Option compile="0" />
			<Option link="0" />
		</Unit>
		<Unit filename="../../JuceLibraryCode/modules/juce_gui_basics/widgets/juce_Slider.h" />
		<Unit filename="../../JuceLibraryCode/modules/juce_gui_basics/widgets/juce_TableHeaderComponent.cpp">
			<Option compile="0" />
			<Option link="0" />
		</Unit>
		<Unit filename="../../JuceLibraryCode/modules/juce_gui_basics/widgets/juce_TableHeaderComponent.h" />
		<Unit filename="../../JuceLibraryCode/modules/juce_gui_basics/widgets/juce_TableListBox.cpp">
			<Option compile="0" />
			<Option link="0" />
		</Unit>
		<Unit filename="../../JuceLibraryCode/modules/juce_gui_basics/widgets/juce_TableListBox.h" />
		<Unit filename="../../JuceLibraryCode/modules/juce_gui_basics/widgets/juce_TextEditor.cpp">
			<Option compile="0" />
			<Option link="0" />
		</Unit>
		<Unit filename="../../JuceLibraryCode/modules/juce_gui_basics/widgets/juce_TextEditor.h" />
		<Unit filename="../../JuceLibraryCode/modules/juce_gui_basics/widgets/juce_Toolbar.cpp">
			<Option compile="0" />
			<Option link="0" />
		</Unit>
		<Unit filename="../../JuceLibraryCode/modules/juce_gui_basics/widgets/juce_Toolbar.h" />
		<Unit filename="../../JuceLibraryCode/modules/juce_gui_basics/widgets/juce_ToolbarItemComponent.cpp">
			<Option compile="0" />
			<Option link="0" />
		</Unit>
		<Unit filename="../../JuceLibraryCode/modules/juce_gui_basics/widgets/juce_ToolbarItemComponent.h" />
		<Unit filename="../../JuceLibraryCode/modules/juce_gui_basics/widgets/juce_ToolbarItemFactory.h" />
		<Unit filename="../../JuceLibraryCode/modules/juce_gui_basics/widgets/juce_ToolbarItemPalette.cpp">
			<Option compile="0" />
			<Option link="0" />
		</Unit>
		<Unit filename="../../JuceLibraryCode/modules/juce_gui_basics/widgets/juce_ToolbarItemPalette.h" />
		<Unit filename="../../JuceLibraryCode/modules/juce_gui_basics/widgets/juce_TreeView.cpp">
			<Option compile="0" />
			<Option link="0" />
		</Unit>
		<Unit filename="../../JuceLibraryCode/modules/juce_gui_basics/widgets/juce_TreeView.h" />
		<Unit filename="../../JuceLibraryCode/modules/juce_gui_basics/windows/juce_AlertWindow.cpp">
			<Option compile="0" />
			<Option link="0" />
		</Unit>
		<Unit filename="../../JuceLibraryCode/modules/juce_gui_basics/windows/juce_AlertWindow.h" />
		<Unit filename="../../JuceLibraryCode/modules/juce_gui_basics/windows/juce_CallOutBox.cpp">
			<Option compile="0" />
			<Option link="0" />
		</Unit>
		<Unit filename="../../JuceLibraryCode/modules/juce_gui_basics/windows/juce_CallOutBox.h" />
		<Unit filename="../../JuceLibraryCode/modules/juce_gui_basics/windows/juce_ComponentPeer.cpp">
			<Option compile="0" />
			<Option link="0" />
		</Unit>
		<Unit filename="../../JuceLibraryCode/modules/juce_gui_basics/windows/juce_ComponentPeer.h" />
		<Unit filename="../../JuceLibraryCode/modules/juce_gui_basics/windows/juce_DialogWindow.cpp">
			<Option compile="0" />
			<Option link="0" />
		</Unit>
		<Unit filename="../../JuceLibraryCode/modules/juce_gui_basics/windows/juce_DialogWindow.h" />
		<Unit filename="../../JuceLibraryCode/modules/juce_gui_basics/windows/juce_DocumentWindow.cpp">
			<Option compile="0" />
			<Option link="0" />
		</Unit>
		<Unit filename="../../JuceLibraryCode/modules/juce_gui_basics/windows/juce_DocumentWindow.h" />
		<Unit filename="../../JuceLibraryCode/modules/juce_gui_basics/windows/juce_NativeMessageBox.h" />
		<Unit filename="../../JuceLibraryCode/modules/juce_gui_basics/windows/juce_ResizableWindow.cpp">
			<Option compile="0" />
			<Option link="0" />
		</Unit>
		<Unit filename="../../JuceLibraryCode/modules/juce_gui_basics/windows/juce_ResizableWindow.h" />
		<Unit filename="../../JuceLibraryCode/modules/juce_gui_basics/windows/juce_ThreadWithProgressWindow.cpp">
			<Option compile="0" />
			<Option link="0" />
		</Unit>
		<Unit filename="../../JuceLibraryCode/modules/juce_gui_basics/windows/juce_ThreadWithProgressWindow.h" />
		<Unit filename="../../JuceLibraryCode/modules/juce_gui_basics/windows/juce_TooltipWindow.cpp">
			<Option compile="0" />
			<Option link="0" />
		</Unit>
		<Unit filename="../../JuceLibraryCode/modules/juce_gui_basics/windows/juce_TooltipWindow.h" />
		<Unit filename="../../JuceLibraryCode/modules/juce_gui_basics/windows/juce_TopLevelWindow.cpp">
			<Option compile="0" />
			<Option link="0" />
		</Unit>
		<Unit filename="../../JuceLibraryCode/modules/juce_gui_basics/windows/juce_TopLevelWindow.h" />
		<Unit filename="../../Source/AvCaster.cpp" />
		<Unit filename="../../Source/AvCaster.h" />
		<Unit filename="../../Source/AvCasterConfig.h" />
		<Unit filename="../../Source/AvCasterStore.cpp" />
		<Unit filename="../../Source/AvCasterStore.h" />
		<Unit filename="../../Source/Background.cpp" />
		<Unit filename="../../Source/Background.h" />
		<Unit filename="../../Source/Config.cpp" />
		<Unit filename="../../Source/Config.h" />
		<Unit filename="../../Source/Constants.h" />
		<Unit filename="../../Source/Controls.cpp" />
		<Unit filename="../../Source/Controls.h" />
		<Unit filename="../../Source/Gstreamer.cpp" />
		<Unit filename="../../Source/Gstreamer.h" />
		<Unit filename="../../Source/GstreamerVideo.h" />
		<Unit filename="../../Source/Main.cpp" />
		<Unit filename="../../Source/MainContent.cpp" />
		<Unit filename="../../Source/MainContent.h" />
		<Unit filename="../../Source/OutputConfig.h" />
		<Unit filename="../../Source/PresetSeed.cpp" />
		<Unit filename="../../Source/PresetSeed.h" />
		<Unit filename="../../Source/Preview.cpp" />
		<Unit filename="../../Source/Preview.h" />
		<Unit filename="../../Source/Statusbar.cpp" />
		<Unit filename="../../Source/Statusbar.h" />
		<Unit filename="../../Source/Trace/Trace.cpp" />
		<Unit filename="../../Source/Trace/Trace.h" />
		<Unit filename="../../Source/Trace/TraceAvCaster.h" />
		<Unit filename="../../Source/Trace/TraceAvCasterStore.h" />
		<Unit filename="../../Source/Trace/TraceConfig.h" />
		<Unit filename="../../Source/Trace/TraceControls.h" />
		<Unit filename="../../Source/Trace/TraceGstreamer.h" />
		<Unit filename="../../Source/Trace/TraceMain.h" />
		<Extensions>
			<code_completion />
			<debugger />
		</Extensions>
	</Project>
</CodeBlocks_project_file>
